
Microsoft Visual Studio Solution File, Format Version 12.00
# Visual Studio 15
VisualStudioVersion = 15.0.28010.2041
MinimumVisualStudioVersion = 10.0.40219.1
Project("{2150E333-8FDC-42A3-9474-1A3956D46DE8}") = "01-kinatmieji", "01-kinatmieji", "{24C98E49-297E-4EF6-80B7-5B2C67BBAC0C}"
EndProject
Project("{2150E333-8FDC-42A3-9474-1A3956D46DE8}") = "02-isvedimas", "02-isvedimas", "{94679C56-B6E0-4D1B-A214-E5B6A89C0566}"
EndProject
Project("{2150E333-8FDC-42A3-9474-1A3956D46DE8}") = "03-aritmetiniai veiksmai", "03-aritmetiniai veiksmai", "{878557D0-83EE-4B64-85A1-271156F402F4}"
EndProject
Project("{2150E333-8FDC-42A3-9474-1A3956D46DE8}") = "04-ivedimas", "04-ivedimas", "{B3615389-DBC7-4D92-BC66-90D5D2257D26}"
EndProject
Project("{FAE04EC0-301F-11D3-BF4B-00C04F79EFBC}") = "1-1 uzduotis", "1-1 uzduotis\1-1 uzduotis.csproj", "{516E1A3C-767B-4EF5-ACAD-6DBAAFD538F9}"
EndProject
Project("{FAE04EC0-301F-11D3-BF4B-00C04F79EFBC}") = "1-2 uzduotis", "1-2 uzduotis\1-2 uzduotis.csproj", "{BC53821E-4E73-478F-9F9F-865AB5E15DAF}"
EndProject
Project("{FAE04EC0-301F-11D3-BF4B-00C04F79EFBC}") = "2-01 uzduotis", "2-1 uzduotis\2-01 uzduotis.csproj", "{2B0F3629-8194-4060-BF44-D4FC2D8B90E6}"
EndProject
Project("{FAE04EC0-301F-11D3-BF4B-00C04F79EFBC}") = "2-02 uzduotis", "2-2 uzduotis\2-02 uzduotis.csproj", "{79BF6EAD-6AC1-4DD7-B7F7-59CE103AEF6F}"
EndProject
Project("{FAE04EC0-301F-11D3-BF4B-00C04F79EFBC}") = "2-03 uzduotis", "2-3 uzduotis\2-03 uzduotis.csproj", "{5CFDDD64-4EC1-422B-A49D-A9848373DA14}"
EndProject
Project("{FAE04EC0-301F-11D3-BF4B-00C04F79EFBC}") = "2-04 uzduotis", "2-4 uzduotis\2-04 uzduotis.csproj", "{0AEADB64-9E63-43D3-A4DA-E947E63234F2}"
EndProject
Project("{FAE04EC0-301F-11D3-BF4B-00C04F79EFBC}") = "2-05 uzduotis", "2-5 uzduotis\2-05 uzduotis.csproj", "{28FC6131-B2C1-45DF-81C1-186C2243A97D}"
EndProject
Project("{FAE04EC0-301F-11D3-BF4B-00C04F79EFBC}") = "2-06 uzduotis", "2-6 uzduotis\2-06 uzduotis.csproj", "{ED55B5AF-E75E-4B4E-A6F6-2CBD3A8CBEC4}"
EndProject
Project("{FAE04EC0-301F-11D3-BF4B-00C04F79EFBC}") = "2-07 uzduotis", "2-7 uzduotis\2-07 uzduotis.csproj", "{4B1018FD-7182-4D88-8D6E-DA72D8C78045}"
EndProject
Project("{FAE04EC0-301F-11D3-BF4B-00C04F79EFBC}") = "2-08 uzduotis", "2-8 uzduotis\2-08 uzduotis.csproj", "{FC42BF15-D6CC-402A-BA7F-40569E013E84}"
EndProject
Project("{FAE04EC0-301F-11D3-BF4B-00C04F79EFBC}") = "2-09 uzduotis", "2-9 uzduotis\2-09 uzduotis.csproj", "{787C7F0F-704D-41B4-B46A-B1DFEDAA2221}"
EndProject
Project("{FAE04EC0-301F-11D3-BF4B-00C04F79EFBC}") = "2-10 uzduotis", "2-10 uzduotis\2-10 uzduotis.csproj", "{2238230C-309E-48B0-9499-EBBF7E30471C}"
EndProject
Project("{FAE04EC0-301F-11D3-BF4B-00C04F79EFBC}") = "2-11 uzduotis", "2-11 uzduotis\2-11 uzduotis.csproj", "{CCA525F8-DF81-4153-851D-AA2F6F20667B}"
EndProject
Project("{FAE04EC0-301F-11D3-BF4B-00C04F79EFBC}") = "2-12 uzduotis", "2-12 uzduotis\2-12 uzduotis.csproj", "{5F8E7FDD-AF9A-494C-AE07-27ED7787C051}"
EndProject
Project("{FAE04EC0-301F-11D3-BF4B-00C04F79EFBC}") = "2-13 uzduotis", "2-13 uzduotis\2-13 uzduotis.csproj", "{06D7BE22-5C07-4596-86EA-4CA19D27205E}"
EndProject
Project("{FAE04EC0-301F-11D3-BF4B-00C04F79EFBC}") = "2-14 uzduotis", "2-14 uzduotis\2-14 uzduotis.csproj", "{2A4886FA-5B74-476A-BA32-D4DE2239F2D4}"
EndProject
Project("{FAE04EC0-301F-11D3-BF4B-00C04F79EFBC}") = "2-15 uzduotis", "2-15 uzduotis\2-15 uzduotis.csproj", "{C42C1314-F3A8-44D7-996C-D3FEFB58759B}"
EndProject
Project("{FAE04EC0-301F-11D3-BF4B-00C04F79EFBC}") = "2-16 uzduotis", "2-16 uzduotis\2-16 uzduotis.csproj", "{383EB93F-E290-4173-93C3-A59D45868D52}"
EndProject
Project("{FAE04EC0-301F-11D3-BF4B-00C04F79EFBC}") = "2-17 uzduotis", "2-17 uzduotis\2-17 uzduotis.csproj", "{CCD768F5-C964-442B-89E7-CBBFCC26AC6D}"
EndProject
Project("{FAE04EC0-301F-11D3-BF4B-00C04F79EFBC}") = "3-01 uzduotis", "3-01 uzduotis\3-01 uzduotis.csproj", "{A915C4B5-D4B4-4E6C-A4B1-759FB34C09A8}"
EndProject
Project("{FAE04EC0-301F-11D3-BF4B-00C04F79EFBC}") = "3-02 uzduotis", "3-03 uzduotis\3-02 uzduotis.csproj", "{00508B67-1E5A-495E-A469-DECB975E74AE}"
EndProject
Project("{FAE04EC0-301F-11D3-BF4B-00C04F79EFBC}") = "3-03 uzduotis", "3-03 uzduotis\3-03 uzduotis\3-03 uzduotis.csproj", "{9F71E418-CE5E-419C-9D73-D2D5A3A0D63B}"
EndProject
Project("{FAE04EC0-301F-11D3-BF4B-00C04F79EFBC}") = "3-04 uzduotis", "3-04 uzduotis\3-04 uzduotis\3-04 uzduotis.csproj", "{66FA71DE-7EC3-4592-B9A9-7B7C5DF39BAE}"
EndProject
Project("{FAE04EC0-301F-11D3-BF4B-00C04F79EFBC}") = "3-05 uzduotis", "3-05 uzduotis\3-05 uzduotis.csproj", "{555DFFA0-B542-4B6F-A32A-56DBD023D3AB}"
EndProject
Project("{FAE04EC0-301F-11D3-BF4B-00C04F79EFBC}") = "3-06 uzduotis", "3-06 uzduotis\3-06 uzduotis.csproj", "{D042F8A6-C691-444F-A868-4FBC519FE128}"
EndProject
Project("{FAE04EC0-301F-11D3-BF4B-00C04F79EFBC}") = "3-07 uzduotis", "3-07 uzduotis\3-07 uzduotis.csproj", "{EEF93C4E-7121-4CAE-9920-2A3A17F2A14C}"
EndProject
Project("{FAE04EC0-301F-11D3-BF4B-00C04F79EFBC}") = "3-08 uzduotis", "3-08 uzduotis\3-08 uzduotis.csproj", "{1EEAEF90-8D70-44AE-818D-46BAB4FE3E9F}"
EndProject
Project("{FAE04EC0-301F-11D3-BF4B-00C04F79EFBC}") = "4-01 uzduotis", "4-01 uzduotis\4-01 uzduotis.csproj", "{E9BAED86-8ED3-4A6E-A7F9-08DB2A0D37D8}"
EndProject
Project("{FAE04EC0-301F-11D3-BF4B-00C04F79EFBC}") = "4-02 uzduotis", "4-02 uzduotis\4-02 uzduotis.csproj", "{DCBC0E80-8729-49B1-A0AF-54516ABEF634}"
EndProject
Project("{FAE04EC0-301F-11D3-BF4B-00C04F79EFBC}") = "4-03 uzduotis", "4-03 uzduotis\4-03 uzduotis.csproj", "{67A1BC28-82AD-4441-88A3-40761B2A7953}"
EndProject
Project("{FAE04EC0-301F-11D3-BF4B-00C04F79EFBC}") = "4-04 uzduotis", "4-04 uzduotis\4-04 uzduotis.csproj", "{D1BEA96C-6171-4C69-8876-7AE2648EA027}"
EndProject
Project("{FAE04EC0-301F-11D3-BF4B-00C04F79EFBC}") = "4-05 uzduotis", "4-05 uzduotis\4-05 uzduotis.csproj", "{96D309CC-C78B-4BCC-9900-713AEE323434}"
EndProject
Project("{FAE04EC0-301F-11D3-BF4B-00C04F79EFBC}") = "4-06 uzduotis", "4-06 uzduotis\4-06 uzduotis.csproj", "{8E4EBC28-9603-437E-B368-5FF251C32143}"
EndProject
Project("{FAE04EC0-301F-11D3-BF4B-00C04F79EFBC}") = "4-07 uzduotis", "4-07 uzduotis\4-07 uzduotis.csproj", "{02A54B00-2BAF-4AD7-8D02-C26F64F11D4B}"
EndProject
Project("{FAE04EC0-301F-11D3-BF4B-00C04F79EFBC}") = "4-08 uzduotis", "4-08 uzduotis\4-08 uzduotis.csproj", "{8D19BD47-600D-4723-B774-E41F8390DC7A}"
EndProject
Project("{FAE04EC0-301F-11D3-BF4B-00C04F79EFBC}") = "4-09 uzduotis", "4-09 uzduotis\4-09 uzduotis.csproj", "{BCA69ADB-E6D0-49B4-B587-70F35C70D4B0}"
EndProject
Project("{FAE04EC0-301F-11D3-BF4B-00C04F79EFBC}") = "4-10 uzduotis", "4-10 uzduotis\4-10 uzduotis.csproj", "{00ED4BBB-2099-40E8-9DC3-BCB3EED72BEB}"
EndProject
Project("{FAE04EC0-301F-11D3-BF4B-00C04F79EFBC}") = "4-11 uzduotis", "4-11 uzduotis\4-11 uzduotis.csproj", "{1B1C115B-39D1-4827-A296-D111D02A1C81}"
EndProject
Project("{FAE04EC0-301F-11D3-BF4B-00C04F79EFBC}") = "4-12 uzduotis", "4-12 uzduotis\4-12 uzduotis.csproj", "{EA4E4E08-AF57-4E1B-9057-EAA0B3584100}"
EndProject
Project("{FAE04EC0-301F-11D3-BF4B-00C04F79EFBC}") = "4-13 uzduotis", "4-13 uzduotis\4-13 uzduotis.csproj", "{5AFB395C-3D0B-4C46-967B-16B73943A694}"
EndProject
Project("{FAE04EC0-301F-11D3-BF4B-00C04F79EFBC}") = "4-14 uzduotis", "4-14 uzduotis\4-14 uzduotis.csproj", "{D86DE363-8037-41EB-AAE9-1EE206D3E5CE}"
EndProject
Project("{FAE04EC0-301F-11D3-BF4B-00C04F79EFBC}") = "4-15 uzduotis", "4-15 uzduotis\4-15 uzduotis.csproj", "{371822BD-A195-4A9F-B497-E249F67F0796}"
EndProject
Project("{FAE04EC0-301F-11D3-BF4B-00C04F79EFBC}") = "4-16 uzduotis", "4-16 uzduotis\4-16 uzduotis.csproj", "{DF16C8F3-AE3D-4056-9949-2AC5794B7BCD}"
EndProject
Project("{FAE04EC0-301F-11D3-BF4B-00C04F79EFBC}") = "4-17 uzduotis", "4-17 uzduotis\4-17 uzduotis.csproj", "{440D7590-2BD2-41D2-ABE7-2403FAEC3442}"
EndProject
Project("{2150E333-8FDC-42A3-9474-1A3956D46DE8}") = "Papildomai", "Papildomai", "{A5C6BBE2-69A8-414A-BB98-609B57D49D04}"
EndProject
Project("{FAE04EC0-301F-11D3-BF4B-00C04F79EFBC}") = "01-01 papildomai", "01-01 papildomai\01-01 papildomai.csproj", "{F28A4ECA-6B84-4D9F-8838-2ACECF77AA50}"
EndProject
Project("{FAE04EC0-301F-11D3-BF4B-00C04F79EFBC}") = "5-01 uzduotis", "4-18 uzduotis\5-01 uzduotis.csproj", "{3F9609E2-7CA6-4D69-9A69-BE7288F58B07}"
EndProject
Project("{FAE04EC0-301F-11D3-BF4B-00C04F79EFBC}") = "5-02 uzduotis", "4-19 uzduotis\5-02 uzduotis.csproj", "{BD19A16E-C164-46AE-A894-F44A048562F7}"
EndProject
Project("{FAE04EC0-301F-11D3-BF4B-00C04F79EFBC}") = "5-03 uzduotis", "4-20 uzduotis\5-03 uzduotis.csproj", "{B745F9D3-89AB-4E3F-8FF7-6231F3EA63E7}"
EndProject
Project("{FAE04EC0-301F-11D3-BF4B-00C04F79EFBC}") = "5-04 uzduotis", "4-21 uzduotis\5-04 uzduotis.csproj", "{6CC2723E-795E-4C36-9BAD-03B98B2BCADC}"
EndProject
Project("{FAE04EC0-301F-11D3-BF4B-00C04F79EFBC}") = "5-05 uzduotis", "4-22 uzduotis\4-22 uzduotis\5-05 uzduotis.csproj", "{B2F72933-D6F5-4A3B-919A-E5F9CBA651E7}"
EndProject
Project("{FAE04EC0-301F-11D3-BF4B-00C04F79EFBC}") = "5-06 uzduotis", "4-23 uzduotis\5-06 uzduotis.csproj", "{2D2C5570-B56F-4AA3-B188-9EA4938ABD9F}"
EndProject
Project("{FAE04EC0-301F-11D3-BF4B-00C04F79EFBC}") = "5-07 uzduotis", "4-24 uzduotis\5-07 uzduotis.csproj", "{5B2A1681-75D4-4B6C-B098-16972D0556EC}"
EndProject
Project("{FAE04EC0-301F-11D3-BF4B-00C04F79EFBC}") = "5-08 uzduotis", "4-25 uzduotis\5-08 uzduotis.csproj", "{80F5F9B1-A8EF-4767-A21D-1E7464D85662}"
EndProject
Project("{2150E333-8FDC-42A3-9474-1A3956D46DE8}") = "05-salyga", "05-salyga", "{F408A4A7-14C6-4EE9-B8AD-5765309C1791}"
EndProject
Project("{FAE04EC0-301F-11D3-BF4B-00C04F79EFBC}") = "5-09 uzduotis", "5-09 uzduotis\5-09 uzduotis.csproj", "{FBB19CA0-3111-43FC-A287-6AC106C5CA4B}"
EndProject
Project("{FAE04EC0-301F-11D3-BF4B-00C04F79EFBC}") = "5-10", "5-10\5-10.csproj", "{4096E3CD-1AD0-4C72-8970-F3419A91FACE}"
EndProject
Project("{FAE04EC0-301F-11D3-BF4B-00C04F79EFBC}") = "5-11", "5-11\5-11.csproj", "{2F4624EF-5A29-4726-A812-1A208E20C7FA}"
EndProject
Project("{FAE04EC0-301F-11D3-BF4B-00C04F79EFBC}") = "5-12", "5-12\5-12.csproj", "{65DC5E71-5639-4E34-9138-93998F8253DA}"
EndProject
Project("{FAE04EC0-301F-11D3-BF4B-00C04F79EFBC}") = "5-13", "5-13\5-13.csproj", "{557F6A59-D955-4220-929F-E5BB4B006E6F}"
EndProject
Project("{FAE04EC0-301F-11D3-BF4B-00C04F79EFBC}") = "5-14", "5-14\5-14.csproj", "{497E173A-1A3E-4674-AF75-D478D5ACA400}"
EndProject
Project("{FAE04EC0-301F-11D3-BF4B-00C04F79EFBC}") = "5-15", "5-15\5-15.csproj", "{123E40B5-7C8B-4B2C-B0DB-8E35838447B0}"
EndProject
Project("{2150E333-8FDC-42A3-9474-1A3956D46DE8}") = "06-loginiai operatoriai", "06-loginiai operatoriai", "{D90160E1-4DF5-410A-8112-1D3EF5027D0B}"
EndProject
Project("{FAE04EC0-301F-11D3-BF4B-00C04F79EFBC}") = "6-01", "06-01\6-01.csproj", "{F716F12F-73AF-4FA2-A188-B3EE74DEC4B1}"
EndProject
Project("{FAE04EC0-301F-11D3-BF4B-00C04F79EFBC}") = "6-02", "6-02\6-02.csproj", "{4122C4E1-2B9B-4A0A-BC5C-BF34DDB9F9A8}"
EndProject
Project("{FAE04EC0-301F-11D3-BF4B-00C04F79EFBC}") = "6-03", "6-03\6-03.csproj", "{348BF3BA-7F61-490A-8689-BE0715D1CE71}"
EndProject
Project("{FAE04EC0-301F-11D3-BF4B-00C04F79EFBC}") = "6-04", "6-04\6-04.csproj", "{0708D2FB-9ABE-4FC9-BAB3-2C7FEAF8E4B5}"
EndProject
Project("{FAE04EC0-301F-11D3-BF4B-00C04F79EFBC}") = "6-06", "6-05\6-06.csproj", "{AAF3E805-ACDC-45CE-A8FA-EB518AC37C4E}"
EndProject
Project("{FAE04EC0-301F-11D3-BF4B-00C04F79EFBC}") = "6-07", "6-06\6-07.csproj", "{E95AB2D6-854A-48FB-83C4-5939C8B2529D}"
EndProject
Project("{2150E333-8FDC-42A3-9474-1A3956D46DE8}") = "07-swith", "07-swith", "{E78F3D06-A651-40CA-838F-52B3CCC59C52}"
EndProject
Project("{FAE04EC0-301F-11D3-BF4B-00C04F79EFBC}") = "7-01", "7-01\7-01.csproj", "{AE7198AF-72BD-455B-ACC5-67CEE1192A99}"
EndProject
Project("{FAE04EC0-301F-11D3-BF4B-00C04F79EFBC}") = "7-02", "7-02\7-02.csproj", "{089AC7B6-76E1-48FC-927F-615EA6B59CF6}"
EndProject
Project("{FAE04EC0-301F-11D3-BF4B-00C04F79EFBC}") = "7-03", "7-03\7-03.csproj", "{035F4C1E-8AC7-405A-89CC-E2E4FEEC2B44}"
EndProject
Project("{2150E333-8FDC-42A3-9474-1A3956D46DE8}") = "08-for", "08-for", "{31BD01AB-A82D-4E1A-A623-79E7A636E4AD}"
EndProject
Project("{FAE04EC0-301F-11D3-BF4B-00C04F79EFBC}") = "8-01", "8-01\8-01.csproj", "{C33BBE61-C2FE-4E24-A9DF-3BE76C2875BA}"
EndProject
Project("{FAE04EC0-301F-11D3-BF4B-00C04F79EFBC}") = "8-02", "8-02\8-02.csproj", "{82A7C600-EA37-4772-9634-5BABD3A91283}"
EndProject
Project("{FAE04EC0-301F-11D3-BF4B-00C04F79EFBC}") = "8-021", "8-021\8-021.csproj", "{51E68676-553C-4F36-BC5A-AC5924E5FCB9}"
EndProject
Project("{FAE04EC0-301F-11D3-BF4B-00C04F79EFBC}") = "8-03", "8-03\8-03.csproj", "{0E77E88C-669D-45D7-873F-0972EAA3D3F1}"
EndProject
Project("{FAE04EC0-301F-11D3-BF4B-00C04F79EFBC}") = "8-04", "8-04\8-04.csproj", "{9A8B9280-18A1-45D1-817F-26F474480ED6}"
EndProject
Project("{FAE04EC0-301F-11D3-BF4B-00C04F79EFBC}") = "8-05", "8-05\8-05.csproj", "{2B4BE20C-7968-4B92-9C42-159675614B06}"
EndProject
Project("{FAE04EC0-301F-11D3-BF4B-00C04F79EFBC}") = "8-06", "8-06\8-06.csproj", "{A2A45F82-C356-45E9-BC36-A39BE9140B69}"
EndProject
Project("{FAE04EC0-301F-11D3-BF4B-00C04F79EFBC}") = "8-07", "8-07\8-07.csproj", "{F4C01D0A-77E8-40D1-9322-7C1BEE938FD7}"
EndProject
Project("{FAE04EC0-301F-11D3-BF4B-00C04F79EFBC}") = "8-08", "8-08\8-08.csproj", "{306A2DA9-00A4-4448-919E-33135EEEFD35}"
EndProject
Project("{FAE04EC0-301F-11D3-BF4B-00C04F79EFBC}") = "8-09", "8-09\8-09.csproj", "{4D40319A-42AF-4AC3-AAD2-0B700F3E2F76}"
EndProject
Project("{FAE04EC0-301F-11D3-BF4B-00C04F79EFBC}") = "8-10", "8-10\8-10.csproj", "{BE5E1F00-5022-47E9-94D5-BBD99445051D}"
EndProject
Project("{FAE04EC0-301F-11D3-BF4B-00C04F79EFBC}") = "8-11", "8-11\8-11.csproj", "{43DF5259-A4EF-4621-8373-5F6F85AF09B3}"
EndProject
Project("{FAE04EC0-301F-11D3-BF4B-00C04F79EFBC}") = "8-12", "8-12\8-12.csproj", "{246649F5-B8A3-48A2-A8B3-0072D84A23E1}"
EndProject
Project("{FAE04EC0-301F-11D3-BF4B-00C04F79EFBC}") = "8-13", "8-13\8-13.csproj", "{34A6CB76-3393-4D9B-8EAB-80591D4EE394}"
EndProject
Project("{FAE04EC0-301F-11D3-BF4B-00C04F79EFBC}") = "9-01", "8-14\9-01.csproj", "{1C9DF04F-9081-4E43-BEA6-BED8626B7554}"
EndProject
Project("{FAE04EC0-301F-11D3-BF4B-00C04F79EFBC}") = "9-02", "8-15\9-02.csproj", "{48C7D247-463F-4E35-9381-87459A9062A5}"
EndProject
Project("{FAE04EC0-301F-11D3-BF4B-00C04F79EFBC}") = "9-03", "8-16\9-03.csproj", "{FC9401EE-73EC-4232-A2C1-11B6780434C1}"
EndProject
Project("{FAE04EC0-301F-11D3-BF4B-00C04F79EFBC}") = "9-04", "8-17\9-04.csproj", "{73F24813-97B0-4C43-A66C-77F0E23CC24D}"
EndProject
Project("{FAE04EC0-301F-11D3-BF4B-00C04F79EFBC}") = "9-05", "8-18\9-05.csproj", "{4BE16122-C2F0-47CF-B2F9-1CC20F076740}"
EndProject
Project("{2150E333-8FDC-42A3-9474-1A3956D46DE8}") = "09-while", "09-while", "{E51E47DD-EA66-4375-9DAD-729B438F4FAC}"
EndProject
Project("{FAE04EC0-301F-11D3-BF4B-00C04F79EFBC}") = "9-06", "9-06\9-06.csproj", "{B4C3E54E-32E1-4EB3-9BE5-08F6B1261F37}"
EndProject
Project("{FAE04EC0-301F-11D3-BF4B-00C04F79EFBC}") = "9-07", "9-07\9-07.csproj", "{D97CB838-394B-4B6B-A680-421060A3DF61}"
EndProject
Project("{FAE04EC0-301F-11D3-BF4B-00C04F79EFBC}") = "9-071", "9-071\9-071.csproj", "{EB47EF9B-1F08-4327-9616-FD6620BAC2CA}"
EndProject
Project("{FAE04EC0-301F-11D3-BF4B-00C04F79EFBC}") = "6-05", "6-051\6-05.csproj", "{A40727B5-E391-4EA4-8BA3-21B4826B9265}"
EndProject
Project("{FAE04EC0-301F-11D3-BF4B-00C04F79EFBC}") = "9-08", "9-08\9-08.csproj", "{D4A6D436-484C-4FA0-85AD-AF265AD9F2C1}"
EndProject
Project("{FAE04EC0-301F-11D3-BF4B-00C04F79EFBC}") = "9-09", "9-09\9-09.csproj", "{7C67A0B8-32FE-476A-AFA5-D5735960A1CE}"
EndProject
Project("{2150E333-8FDC-42A3-9474-1A3956D46DE8}") = "11-masyvai-arrays", "11-masyvai-arrays", "{6F6626F7-D320-4CBF-97F1-6FA9A6B5DB8D}"
EndProject
Project("{FAE04EC0-301F-11D3-BF4B-00C04F79EFBC}") = "11-01", "10-01\11-01.csproj", "{6971E635-D790-41CD-9B0F-F6EAFF171F0B}"
EndProject
Project("{FAE04EC0-301F-11D3-BF4B-00C04F79EFBC}") = "11-02", "10-02\11-02.csproj", "{C17B5C8C-E856-4FC1-B4BC-076579C968CA}"
EndProject
Project("{FAE04EC0-301F-11D3-BF4B-00C04F79EFBC}") = "11-03", "10-03\11-03.csproj", "{FD0E61E7-7102-42A8-AB1E-D57D3FF4A073}"
EndProject
Project("{FAE04EC0-301F-11D3-BF4B-00C04F79EFBC}") = "11-04", "10-04\11-04.csproj", "{ECAD71E5-701D-4AD2-8D58-99CF93102C8A}"
EndProject
Project("{FAE04EC0-301F-11D3-BF4B-00C04F79EFBC}") = "11-05", "10-05\11-05.csproj", "{FF9CE17C-B11C-4A73-B484-44031E00F39E}"
EndProject
Project("{FAE04EC0-301F-11D3-BF4B-00C04F79EFBC}") = "11-06", "10-06\11-06.csproj", "{A8BDD3D3-B98D-42D0-82C7-4801A7EAFEDA}"
EndProject
Project("{FAE04EC0-301F-11D3-BF4B-00C04F79EFBC}") = "11-07", "10-07\11-07.csproj", "{99120192-61A5-4031-9730-202EDBD11FD0}"
EndProject
Project("{2150E333-8FDC-42A3-9474-1A3956D46DE8}") = "10-do while", "10-do while", "{87FC61F7-159C-45E2-9BD4-E9C7A3AFD06E}"
EndProject
Project("{FAE04EC0-301F-11D3-BF4B-00C04F79EFBC}") = "11-08", "11-08\11-08.csproj", "{0F1588F9-6353-47F4-87E0-B43E064CE8C9}"
EndProject
Project("{FAE04EC0-301F-11D3-BF4B-00C04F79EFBC}") = "11-09", "11-09\11-09.csproj", "{2CC14B29-6980-4AB5-8253-935A11CB6BFD}"
EndProject
Project("{FAE04EC0-301F-11D3-BF4B-00C04F79EFBC}") = "11-10", "10-10\11-10.csproj", "{E59C7354-86B5-4F96-A243-D46255213361}"
EndProject
Project("{FAE04EC0-301F-11D3-BF4B-00C04F79EFBC}") = "10-01", "10-01\10-01.csproj", "{87BD348F-4B81-42A4-A690-32BFE531DBF0}"
EndProject
Project("{FAE04EC0-301F-11D3-BF4B-00C04F79EFBC}") = "masyvai-2", "masyvai-2\masyvai-2.csproj", "{C03D4366-426D-47C8-8A28-FA2224D53997}"
EndProject
Project("{FAE04EC0-301F-11D3-BF4B-00C04F79EFBC}") = "masyvai-3", "masyvai-3\masyvai-3.csproj", "{4599BBC4-D4DF-4B34-A0AC-74927679AC58}"
EndProject
Project("{FAE04EC0-301F-11D3-BF4B-00C04F79EFBC}") = "masyvai-4", "masyvai-4\masyvai-4.csproj", "{F6264ECF-B918-48D5-9F62-EDBFEB3A7852}"
EndProject
Project("{FAE04EC0-301F-11D3-BF4B-00C04F79EFBC}") = "masyvai-5", "masyvai-5\masyvai-5.csproj", "{212D31D6-FCDC-4696-91F0-C8CB82F8DB75}"
EndProject
Project("{FAE04EC0-301F-11D3-BF4B-00C04F79EFBC}") = "papildomai-1", "papildomai-1\papildomai-1.csproj", "{CB7AD8F3-5DA8-4F83-90E5-C8D0940FF646}"
EndProject
Project("{FAE04EC0-301F-11D3-BF4B-00C04F79EFBC}") = "papildomai-2", "papildomai-2\papildomai-2.csproj", "{FEEFED88-6E36-4A66-A0E0-C95220A0C0E2}"
EndProject
Project("{FAE04EC0-301F-11D3-BF4B-00C04F79EFBC}") = "papildomai-3", "papildomai-3\papildomai-3.csproj", "{BD55CB55-77AA-4208-98CD-898EB9B047DE}"
EndProject
Project("{FAE04EC0-301F-11D3-BF4B-00C04F79EFBC}") = "11-12", "11-12\11-12.csproj", "{FD0C11B0-5F33-4FDB-ACDC-323E1D61698F}"
EndProject
Project("{FAE04EC0-301F-11D3-BF4B-00C04F79EFBC}") = "11-13", "11-13\11-13.csproj", "{327B90B2-3058-4272-A17C-103834E8D347}"
EndProject
Project("{2150E333-8FDC-42A3-9474-1A3956D46DE8}") = "12-sarasai-list", "12-sarasai-list", "{B7AF2040-8D67-40DF-BFB6-6E31DD0B8C6A}"
EndProject
Project("{FAE04EC0-301F-11D3-BF4B-00C04F79EFBC}") = "12-01", "12-01\12-01.csproj", "{1A97ACBB-F3DF-4AF5-AFCA-8E4AFD84AB4E}"
EndProject
Project("{FAE04EC0-301F-11D3-BF4B-00C04F79EFBC}") = "12-02", "12-02\12-02.csproj", "{9B16D291-3D8E-4F2C-9BDE-54C83970201F}"
EndProject
Project("{FAE04EC0-301F-11D3-BF4B-00C04F79EFBC}") = "12-03", "12-03\12-03.csproj", "{985570E8-A3B4-4BBA-AE14-7CFB1F823793}"
EndProject
Project("{FAE04EC0-301F-11D3-BF4B-00C04F79EFBC}") = "12-04", "12-04\12-04.csproj", "{05C8CD7A-7D57-4B10-9B2F-300F1F6EF2B2}"
EndProject
Project("{FAE04EC0-301F-11D3-BF4B-00C04F79EFBC}") = "12-05", "12-05\12-05.csproj", "{C36F133B-902B-4C77-8DF0-1B452966DAAC}"
EndProject
Project("{FAE04EC0-301F-11D3-BF4B-00C04F79EFBC}") = "12-06", "12-06\12-06.csproj", "{810EFD9D-AEAB-4D28-8AA7-2A95F2D895F6}"
EndProject
Project("{FAE04EC0-301F-11D3-BF4B-00C04F79EFBC}") = "12-07", "12-07\12-07.csproj", "{FE38A125-C9A1-401E-911A-459C28C0F0F3}"
EndProject
Project("{FAE04EC0-301F-11D3-BF4B-00C04F79EFBC}") = "12-08", "12-08\12-08.csproj", "{0C28FE96-7E73-4971-A6DC-3C0134FEDD06}"
EndProject
Project("{2150E333-8FDC-42A3-9474-1A3956D46DE8}") = "13-metodai-methods", "13-metodai-methods", "{34CE7041-030E-4920-A3C1-0CA2D5B3DD52}"
EndProject
Project("{FAE04EC0-301F-11D3-BF4B-00C04F79EFBC}") = "13-00", "13-00\13-00.csproj", "{069AE610-A9A1-4821-8250-F015F4C10189}"
EndProject
Project("{FAE04EC0-301F-11D3-BF4B-00C04F79EFBC}") = "13-01", "13-01\13-01.csproj", "{BD69C890-09B5-4876-9348-1735F0E0A49C}"
EndProject
Project("{FAE04EC0-301F-11D3-BF4B-00C04F79EFBC}") = "11-11", "11-11\11-11.csproj", "{D3FD8D5C-9723-42EB-932C-16C98AE54237}"
EndProject
Project("{FAE04EC0-301F-11D3-BF4B-00C04F79EFBC}") = "11-14", "11-14\11-14.csproj", "{DB78F623-8855-4858-A8B3-8C9EF0B88AFE}"
EndProject
Project("{FAE04EC0-301F-11D3-BF4B-00C04F79EFBC}") = "11-15", "11-15\11-15.csproj", "{1D50685B-E3DB-4470-AC97-02F27227A797}"
EndProject
Project("{FAE04EC0-301F-11D3-BF4B-00C04F79EFBC}") = "13-02", "13-02\13-02.csproj", "{11D60012-DA88-42E3-A944-E9BDF9CD40AA}"
EndProject
Project("{FAE04EC0-301F-11D3-BF4B-00C04F79EFBC}") = "13-03", "13-03\13-03.csproj", "{D7C9EBE0-ACDC-4BC3-A739-EF2E65845DD8}"
EndProject
Project("{FAE04EC0-301F-11D3-BF4B-00C04F79EFBC}") = "13-04", "13-04\13-04.csproj", "{BE6E005B-3979-427E-9270-E38CBCD30192}"
EndProject
Project("{FAE04EC0-301F-11D3-BF4B-00C04F79EFBC}") = "13-05", "1\13-05.csproj", "{82FA0098-373B-48E6-8828-B35CBD8C7383}"
EndProject
Project("{2150E333-8FDC-42A3-9474-1A3956D46DE8}") = "14-metodai su argumentais", "14-metodai su argumentais", "{A8CE5BF6-812B-463C-ACB6-977D00E93D69}"
EndProject
Project("{FAE04EC0-301F-11D3-BF4B-00C04F79EFBC}") = "14-01", "14-01\14-01.csproj", "{D8C28DE5-45C6-4097-8E62-3AB5DD0A2652}"
EndProject
Project("{FAE04EC0-301F-11D3-BF4B-00C04F79EFBC}") = "14-02", "14-02\14-02.csproj", "{57E17824-EF8F-4674-A802-B444C7562EE8}"
EndProject
Project("{FAE04EC0-301F-11D3-BF4B-00C04F79EFBC}") = "14-03", "14-03\14-03.csproj", "{AC4CCAAF-6B79-4C32-8E1C-FCA6AFFA60C2}"
EndProject
Project("{FAE04EC0-301F-11D3-BF4B-00C04F79EFBC}") = "14-04", "14-04\14-04.csproj", "{5C377D59-922D-4C6E-90C2-2B1F8937FA49}"
EndProject
Project("{FAE04EC0-301F-11D3-BF4B-00C04F79EFBC}") = "14-05", "14-05\14-05.csproj", "{92197BA2-CD0B-48EF-87BE-8FE0160BFA78}"
EndProject
Project("{FAE04EC0-301F-11D3-BF4B-00C04F79EFBC}") = "14-06", "14-06\14-06.csproj", "{0304454A-7B81-4A63-A999-088048F4F9D1}"
EndProject
Project("{FAE04EC0-301F-11D3-BF4B-00C04F79EFBC}") = "14-07", "14-07\14-07.csproj", "{9439A2F6-0468-469B-BC01-F034C5C709EB}"
EndProject
Project("{2150E333-8FDC-42A3-9474-1A3956D46DE8}") = "15-metodai su grazinimo tipu", "15-metodai su grazinimo tipu", "{B2F24ADE-6AC6-4127-99D9-33C801D2C62E}"
EndProject
Project("{FAE04EC0-301F-11D3-BF4B-00C04F79EFBC}") = "15-01", "15-01\15-01.csproj", "{5CD9A3B2-A811-4B3B-9D3A-217C4C66E0A8}"
EndProject
Project("{FAE04EC0-301F-11D3-BF4B-00C04F79EFBC}") = "15-00", "15-00\15-00.csproj", "{787C735E-2B4C-440F-A352-51F144F63AA1}"
EndProject
Project("{FAE04EC0-301F-11D3-BF4B-00C04F79EFBC}") = "15-02", "15-02\15-02.csproj", "{20341337-1718-4C38-B207-C7AC7294E73A}"
EndProject
Project("{2150E333-8FDC-42A3-9474-1A3956D46DE8}") = "16-objektinis", "16-objektinis", "{24C18FC1-141A-4C7A-B3A1-42B4A8111F3E}"
EndProject
Project("{FAE04EC0-301F-11D3-BF4B-00C04F79EFBC}") = "16-00", "16-00\16-00.csproj", "{2F2BD26A-F46C-4AD8-A099-D430CF4FA7D0}"
EndProject
Project("{FAE04EC0-301F-11D3-BF4B-00C04F79EFBC}") = "16-001", "16-001\16-001.csproj", "{6E2E3C2F-0121-4275-95F6-361122647997}"
EndProject
Global
	GlobalSection(SolutionConfigurationPlatforms) = preSolution
		Debug|Any CPU = Debug|Any CPU
		Release|Any CPU = Release|Any CPU
	EndGlobalSection
	GlobalSection(ProjectConfigurationPlatforms) = postSolution
		{516E1A3C-767B-4EF5-ACAD-6DBAAFD538F9}.Debug|Any CPU.ActiveCfg = Debug|Any CPU
		{516E1A3C-767B-4EF5-ACAD-6DBAAFD538F9}.Debug|Any CPU.Build.0 = Debug|Any CPU
		{516E1A3C-767B-4EF5-ACAD-6DBAAFD538F9}.Release|Any CPU.ActiveCfg = Release|Any CPU
		{516E1A3C-767B-4EF5-ACAD-6DBAAFD538F9}.Release|Any CPU.Build.0 = Release|Any CPU
		{BC53821E-4E73-478F-9F9F-865AB5E15DAF}.Debug|Any CPU.ActiveCfg = Debug|Any CPU
		{BC53821E-4E73-478F-9F9F-865AB5E15DAF}.Debug|Any CPU.Build.0 = Debug|Any CPU
		{BC53821E-4E73-478F-9F9F-865AB5E15DAF}.Release|Any CPU.ActiveCfg = Release|Any CPU
		{BC53821E-4E73-478F-9F9F-865AB5E15DAF}.Release|Any CPU.Build.0 = Release|Any CPU
		{2B0F3629-8194-4060-BF44-D4FC2D8B90E6}.Debug|Any CPU.ActiveCfg = Debug|Any CPU
		{2B0F3629-8194-4060-BF44-D4FC2D8B90E6}.Debug|Any CPU.Build.0 = Debug|Any CPU
		{2B0F3629-8194-4060-BF44-D4FC2D8B90E6}.Release|Any CPU.ActiveCfg = Release|Any CPU
		{2B0F3629-8194-4060-BF44-D4FC2D8B90E6}.Release|Any CPU.Build.0 = Release|Any CPU
		{79BF6EAD-6AC1-4DD7-B7F7-59CE103AEF6F}.Debug|Any CPU.ActiveCfg = Debug|Any CPU
		{79BF6EAD-6AC1-4DD7-B7F7-59CE103AEF6F}.Debug|Any CPU.Build.0 = Debug|Any CPU
		{79BF6EAD-6AC1-4DD7-B7F7-59CE103AEF6F}.Release|Any CPU.ActiveCfg = Release|Any CPU
		{79BF6EAD-6AC1-4DD7-B7F7-59CE103AEF6F}.Release|Any CPU.Build.0 = Release|Any CPU
		{5CFDDD64-4EC1-422B-A49D-A9848373DA14}.Debug|Any CPU.ActiveCfg = Debug|Any CPU
		{5CFDDD64-4EC1-422B-A49D-A9848373DA14}.Debug|Any CPU.Build.0 = Debug|Any CPU
		{5CFDDD64-4EC1-422B-A49D-A9848373DA14}.Release|Any CPU.ActiveCfg = Release|Any CPU
		{5CFDDD64-4EC1-422B-A49D-A9848373DA14}.Release|Any CPU.Build.0 = Release|Any CPU
		{0AEADB64-9E63-43D3-A4DA-E947E63234F2}.Debug|Any CPU.ActiveCfg = Debug|Any CPU
		{0AEADB64-9E63-43D3-A4DA-E947E63234F2}.Debug|Any CPU.Build.0 = Debug|Any CPU
		{0AEADB64-9E63-43D3-A4DA-E947E63234F2}.Release|Any CPU.ActiveCfg = Release|Any CPU
		{0AEADB64-9E63-43D3-A4DA-E947E63234F2}.Release|Any CPU.Build.0 = Release|Any CPU
		{28FC6131-B2C1-45DF-81C1-186C2243A97D}.Debug|Any CPU.ActiveCfg = Debug|Any CPU
		{28FC6131-B2C1-45DF-81C1-186C2243A97D}.Debug|Any CPU.Build.0 = Debug|Any CPU
		{28FC6131-B2C1-45DF-81C1-186C2243A97D}.Release|Any CPU.ActiveCfg = Release|Any CPU
		{28FC6131-B2C1-45DF-81C1-186C2243A97D}.Release|Any CPU.Build.0 = Release|Any CPU
		{ED55B5AF-E75E-4B4E-A6F6-2CBD3A8CBEC4}.Debug|Any CPU.ActiveCfg = Debug|Any CPU
		{ED55B5AF-E75E-4B4E-A6F6-2CBD3A8CBEC4}.Debug|Any CPU.Build.0 = Debug|Any CPU
		{ED55B5AF-E75E-4B4E-A6F6-2CBD3A8CBEC4}.Release|Any CPU.ActiveCfg = Release|Any CPU
		{ED55B5AF-E75E-4B4E-A6F6-2CBD3A8CBEC4}.Release|Any CPU.Build.0 = Release|Any CPU
		{4B1018FD-7182-4D88-8D6E-DA72D8C78045}.Debug|Any CPU.ActiveCfg = Debug|Any CPU
		{4B1018FD-7182-4D88-8D6E-DA72D8C78045}.Debug|Any CPU.Build.0 = Debug|Any CPU
		{4B1018FD-7182-4D88-8D6E-DA72D8C78045}.Release|Any CPU.ActiveCfg = Release|Any CPU
		{4B1018FD-7182-4D88-8D6E-DA72D8C78045}.Release|Any CPU.Build.0 = Release|Any CPU
		{FC42BF15-D6CC-402A-BA7F-40569E013E84}.Debug|Any CPU.ActiveCfg = Debug|Any CPU
		{FC42BF15-D6CC-402A-BA7F-40569E013E84}.Debug|Any CPU.Build.0 = Debug|Any CPU
		{FC42BF15-D6CC-402A-BA7F-40569E013E84}.Release|Any CPU.ActiveCfg = Release|Any CPU
		{FC42BF15-D6CC-402A-BA7F-40569E013E84}.Release|Any CPU.Build.0 = Release|Any CPU
		{787C7F0F-704D-41B4-B46A-B1DFEDAA2221}.Debug|Any CPU.ActiveCfg = Debug|Any CPU
		{787C7F0F-704D-41B4-B46A-B1DFEDAA2221}.Debug|Any CPU.Build.0 = Debug|Any CPU
		{787C7F0F-704D-41B4-B46A-B1DFEDAA2221}.Release|Any CPU.ActiveCfg = Release|Any CPU
		{787C7F0F-704D-41B4-B46A-B1DFEDAA2221}.Release|Any CPU.Build.0 = Release|Any CPU
		{2238230C-309E-48B0-9499-EBBF7E30471C}.Debug|Any CPU.ActiveCfg = Debug|Any CPU
		{2238230C-309E-48B0-9499-EBBF7E30471C}.Debug|Any CPU.Build.0 = Debug|Any CPU
		{2238230C-309E-48B0-9499-EBBF7E30471C}.Release|Any CPU.ActiveCfg = Release|Any CPU
		{2238230C-309E-48B0-9499-EBBF7E30471C}.Release|Any CPU.Build.0 = Release|Any CPU
		{CCA525F8-DF81-4153-851D-AA2F6F20667B}.Debug|Any CPU.ActiveCfg = Debug|Any CPU
		{CCA525F8-DF81-4153-851D-AA2F6F20667B}.Debug|Any CPU.Build.0 = Debug|Any CPU
		{CCA525F8-DF81-4153-851D-AA2F6F20667B}.Release|Any CPU.ActiveCfg = Release|Any CPU
		{CCA525F8-DF81-4153-851D-AA2F6F20667B}.Release|Any CPU.Build.0 = Release|Any CPU
		{5F8E7FDD-AF9A-494C-AE07-27ED7787C051}.Debug|Any CPU.ActiveCfg = Debug|Any CPU
		{5F8E7FDD-AF9A-494C-AE07-27ED7787C051}.Debug|Any CPU.Build.0 = Debug|Any CPU
		{5F8E7FDD-AF9A-494C-AE07-27ED7787C051}.Release|Any CPU.ActiveCfg = Release|Any CPU
		{5F8E7FDD-AF9A-494C-AE07-27ED7787C051}.Release|Any CPU.Build.0 = Release|Any CPU
		{06D7BE22-5C07-4596-86EA-4CA19D27205E}.Debug|Any CPU.ActiveCfg = Debug|Any CPU
		{06D7BE22-5C07-4596-86EA-4CA19D27205E}.Debug|Any CPU.Build.0 = Debug|Any CPU
		{06D7BE22-5C07-4596-86EA-4CA19D27205E}.Release|Any CPU.ActiveCfg = Release|Any CPU
		{06D7BE22-5C07-4596-86EA-4CA19D27205E}.Release|Any CPU.Build.0 = Release|Any CPU
		{2A4886FA-5B74-476A-BA32-D4DE2239F2D4}.Debug|Any CPU.ActiveCfg = Debug|Any CPU
		{2A4886FA-5B74-476A-BA32-D4DE2239F2D4}.Debug|Any CPU.Build.0 = Debug|Any CPU
		{2A4886FA-5B74-476A-BA32-D4DE2239F2D4}.Release|Any CPU.ActiveCfg = Release|Any CPU
		{2A4886FA-5B74-476A-BA32-D4DE2239F2D4}.Release|Any CPU.Build.0 = Release|Any CPU
		{C42C1314-F3A8-44D7-996C-D3FEFB58759B}.Debug|Any CPU.ActiveCfg = Debug|Any CPU
		{C42C1314-F3A8-44D7-996C-D3FEFB58759B}.Debug|Any CPU.Build.0 = Debug|Any CPU
		{C42C1314-F3A8-44D7-996C-D3FEFB58759B}.Release|Any CPU.ActiveCfg = Release|Any CPU
		{C42C1314-F3A8-44D7-996C-D3FEFB58759B}.Release|Any CPU.Build.0 = Release|Any CPU
		{383EB93F-E290-4173-93C3-A59D45868D52}.Debug|Any CPU.ActiveCfg = Debug|Any CPU
		{383EB93F-E290-4173-93C3-A59D45868D52}.Debug|Any CPU.Build.0 = Debug|Any CPU
		{383EB93F-E290-4173-93C3-A59D45868D52}.Release|Any CPU.ActiveCfg = Release|Any CPU
		{383EB93F-E290-4173-93C3-A59D45868D52}.Release|Any CPU.Build.0 = Release|Any CPU
		{CCD768F5-C964-442B-89E7-CBBFCC26AC6D}.Debug|Any CPU.ActiveCfg = Debug|Any CPU
		{CCD768F5-C964-442B-89E7-CBBFCC26AC6D}.Debug|Any CPU.Build.0 = Debug|Any CPU
		{CCD768F5-C964-442B-89E7-CBBFCC26AC6D}.Release|Any CPU.ActiveCfg = Release|Any CPU
		{CCD768F5-C964-442B-89E7-CBBFCC26AC6D}.Release|Any CPU.Build.0 = Release|Any CPU
		{A915C4B5-D4B4-4E6C-A4B1-759FB34C09A8}.Debug|Any CPU.ActiveCfg = Debug|Any CPU
		{A915C4B5-D4B4-4E6C-A4B1-759FB34C09A8}.Debug|Any CPU.Build.0 = Debug|Any CPU
		{A915C4B5-D4B4-4E6C-A4B1-759FB34C09A8}.Release|Any CPU.ActiveCfg = Release|Any CPU
		{A915C4B5-D4B4-4E6C-A4B1-759FB34C09A8}.Release|Any CPU.Build.0 = Release|Any CPU
		{00508B67-1E5A-495E-A469-DECB975E74AE}.Debug|Any CPU.ActiveCfg = Debug|Any CPU
		{00508B67-1E5A-495E-A469-DECB975E74AE}.Debug|Any CPU.Build.0 = Debug|Any CPU
		{00508B67-1E5A-495E-A469-DECB975E74AE}.Release|Any CPU.ActiveCfg = Release|Any CPU
		{00508B67-1E5A-495E-A469-DECB975E74AE}.Release|Any CPU.Build.0 = Release|Any CPU
		{9F71E418-CE5E-419C-9D73-D2D5A3A0D63B}.Debug|Any CPU.ActiveCfg = Debug|Any CPU
		{9F71E418-CE5E-419C-9D73-D2D5A3A0D63B}.Debug|Any CPU.Build.0 = Debug|Any CPU
		{9F71E418-CE5E-419C-9D73-D2D5A3A0D63B}.Release|Any CPU.ActiveCfg = Release|Any CPU
		{9F71E418-CE5E-419C-9D73-D2D5A3A0D63B}.Release|Any CPU.Build.0 = Release|Any CPU
		{66FA71DE-7EC3-4592-B9A9-7B7C5DF39BAE}.Debug|Any CPU.ActiveCfg = Debug|Any CPU
		{66FA71DE-7EC3-4592-B9A9-7B7C5DF39BAE}.Debug|Any CPU.Build.0 = Debug|Any CPU
		{66FA71DE-7EC3-4592-B9A9-7B7C5DF39BAE}.Release|Any CPU.ActiveCfg = Release|Any CPU
		{66FA71DE-7EC3-4592-B9A9-7B7C5DF39BAE}.Release|Any CPU.Build.0 = Release|Any CPU
		{555DFFA0-B542-4B6F-A32A-56DBD023D3AB}.Debug|Any CPU.ActiveCfg = Debug|Any CPU
		{555DFFA0-B542-4B6F-A32A-56DBD023D3AB}.Debug|Any CPU.Build.0 = Debug|Any CPU
		{555DFFA0-B542-4B6F-A32A-56DBD023D3AB}.Release|Any CPU.ActiveCfg = Release|Any CPU
		{555DFFA0-B542-4B6F-A32A-56DBD023D3AB}.Release|Any CPU.Build.0 = Release|Any CPU
		{D042F8A6-C691-444F-A868-4FBC519FE128}.Debug|Any CPU.ActiveCfg = Debug|Any CPU
		{D042F8A6-C691-444F-A868-4FBC519FE128}.Debug|Any CPU.Build.0 = Debug|Any CPU
		{D042F8A6-C691-444F-A868-4FBC519FE128}.Release|Any CPU.ActiveCfg = Release|Any CPU
		{D042F8A6-C691-444F-A868-4FBC519FE128}.Release|Any CPU.Build.0 = Release|Any CPU
		{EEF93C4E-7121-4CAE-9920-2A3A17F2A14C}.Debug|Any CPU.ActiveCfg = Debug|Any CPU
		{EEF93C4E-7121-4CAE-9920-2A3A17F2A14C}.Debug|Any CPU.Build.0 = Debug|Any CPU
		{EEF93C4E-7121-4CAE-9920-2A3A17F2A14C}.Release|Any CPU.ActiveCfg = Release|Any CPU
		{EEF93C4E-7121-4CAE-9920-2A3A17F2A14C}.Release|Any CPU.Build.0 = Release|Any CPU
		{1EEAEF90-8D70-44AE-818D-46BAB4FE3E9F}.Debug|Any CPU.ActiveCfg = Debug|Any CPU
		{1EEAEF90-8D70-44AE-818D-46BAB4FE3E9F}.Debug|Any CPU.Build.0 = Debug|Any CPU
		{1EEAEF90-8D70-44AE-818D-46BAB4FE3E9F}.Release|Any CPU.ActiveCfg = Release|Any CPU
		{1EEAEF90-8D70-44AE-818D-46BAB4FE3E9F}.Release|Any CPU.Build.0 = Release|Any CPU
		{E9BAED86-8ED3-4A6E-A7F9-08DB2A0D37D8}.Debug|Any CPU.ActiveCfg = Debug|Any CPU
		{E9BAED86-8ED3-4A6E-A7F9-08DB2A0D37D8}.Debug|Any CPU.Build.0 = Debug|Any CPU
		{E9BAED86-8ED3-4A6E-A7F9-08DB2A0D37D8}.Release|Any CPU.ActiveCfg = Release|Any CPU
		{E9BAED86-8ED3-4A6E-A7F9-08DB2A0D37D8}.Release|Any CPU.Build.0 = Release|Any CPU
		{DCBC0E80-8729-49B1-A0AF-54516ABEF634}.Debug|Any CPU.ActiveCfg = Debug|Any CPU
		{DCBC0E80-8729-49B1-A0AF-54516ABEF634}.Debug|Any CPU.Build.0 = Debug|Any CPU
		{DCBC0E80-8729-49B1-A0AF-54516ABEF634}.Release|Any CPU.ActiveCfg = Release|Any CPU
		{DCBC0E80-8729-49B1-A0AF-54516ABEF634}.Release|Any CPU.Build.0 = Release|Any CPU
		{67A1BC28-82AD-4441-88A3-40761B2A7953}.Debug|Any CPU.ActiveCfg = Debug|Any CPU
		{67A1BC28-82AD-4441-88A3-40761B2A7953}.Debug|Any CPU.Build.0 = Debug|Any CPU
		{67A1BC28-82AD-4441-88A3-40761B2A7953}.Release|Any CPU.ActiveCfg = Release|Any CPU
		{67A1BC28-82AD-4441-88A3-40761B2A7953}.Release|Any CPU.Build.0 = Release|Any CPU
		{D1BEA96C-6171-4C69-8876-7AE2648EA027}.Debug|Any CPU.ActiveCfg = Debug|Any CPU
		{D1BEA96C-6171-4C69-8876-7AE2648EA027}.Debug|Any CPU.Build.0 = Debug|Any CPU
		{D1BEA96C-6171-4C69-8876-7AE2648EA027}.Release|Any CPU.ActiveCfg = Release|Any CPU
		{D1BEA96C-6171-4C69-8876-7AE2648EA027}.Release|Any CPU.Build.0 = Release|Any CPU
		{96D309CC-C78B-4BCC-9900-713AEE323434}.Debug|Any CPU.ActiveCfg = Debug|Any CPU
		{96D309CC-C78B-4BCC-9900-713AEE323434}.Debug|Any CPU.Build.0 = Debug|Any CPU
		{96D309CC-C78B-4BCC-9900-713AEE323434}.Release|Any CPU.ActiveCfg = Release|Any CPU
		{96D309CC-C78B-4BCC-9900-713AEE323434}.Release|Any CPU.Build.0 = Release|Any CPU
		{8E4EBC28-9603-437E-B368-5FF251C32143}.Debug|Any CPU.ActiveCfg = Debug|Any CPU
		{8E4EBC28-9603-437E-B368-5FF251C32143}.Debug|Any CPU.Build.0 = Debug|Any CPU
		{8E4EBC28-9603-437E-B368-5FF251C32143}.Release|Any CPU.ActiveCfg = Release|Any CPU
		{8E4EBC28-9603-437E-B368-5FF251C32143}.Release|Any CPU.Build.0 = Release|Any CPU
		{02A54B00-2BAF-4AD7-8D02-C26F64F11D4B}.Debug|Any CPU.ActiveCfg = Debug|Any CPU
		{02A54B00-2BAF-4AD7-8D02-C26F64F11D4B}.Debug|Any CPU.Build.0 = Debug|Any CPU
		{02A54B00-2BAF-4AD7-8D02-C26F64F11D4B}.Release|Any CPU.ActiveCfg = Release|Any CPU
		{02A54B00-2BAF-4AD7-8D02-C26F64F11D4B}.Release|Any CPU.Build.0 = Release|Any CPU
		{8D19BD47-600D-4723-B774-E41F8390DC7A}.Debug|Any CPU.ActiveCfg = Debug|Any CPU
		{8D19BD47-600D-4723-B774-E41F8390DC7A}.Debug|Any CPU.Build.0 = Debug|Any CPU
		{8D19BD47-600D-4723-B774-E41F8390DC7A}.Release|Any CPU.ActiveCfg = Release|Any CPU
		{8D19BD47-600D-4723-B774-E41F8390DC7A}.Release|Any CPU.Build.0 = Release|Any CPU
		{BCA69ADB-E6D0-49B4-B587-70F35C70D4B0}.Debug|Any CPU.ActiveCfg = Debug|Any CPU
		{BCA69ADB-E6D0-49B4-B587-70F35C70D4B0}.Debug|Any CPU.Build.0 = Debug|Any CPU
		{BCA69ADB-E6D0-49B4-B587-70F35C70D4B0}.Release|Any CPU.ActiveCfg = Release|Any CPU
		{BCA69ADB-E6D0-49B4-B587-70F35C70D4B0}.Release|Any CPU.Build.0 = Release|Any CPU
		{00ED4BBB-2099-40E8-9DC3-BCB3EED72BEB}.Debug|Any CPU.ActiveCfg = Debug|Any CPU
		{00ED4BBB-2099-40E8-9DC3-BCB3EED72BEB}.Debug|Any CPU.Build.0 = Debug|Any CPU
		{00ED4BBB-2099-40E8-9DC3-BCB3EED72BEB}.Release|Any CPU.ActiveCfg = Release|Any CPU
		{00ED4BBB-2099-40E8-9DC3-BCB3EED72BEB}.Release|Any CPU.Build.0 = Release|Any CPU
		{1B1C115B-39D1-4827-A296-D111D02A1C81}.Debug|Any CPU.ActiveCfg = Debug|Any CPU
		{1B1C115B-39D1-4827-A296-D111D02A1C81}.Debug|Any CPU.Build.0 = Debug|Any CPU
		{1B1C115B-39D1-4827-A296-D111D02A1C81}.Release|Any CPU.ActiveCfg = Release|Any CPU
		{1B1C115B-39D1-4827-A296-D111D02A1C81}.Release|Any CPU.Build.0 = Release|Any CPU
		{EA4E4E08-AF57-4E1B-9057-EAA0B3584100}.Debug|Any CPU.ActiveCfg = Debug|Any CPU
		{EA4E4E08-AF57-4E1B-9057-EAA0B3584100}.Debug|Any CPU.Build.0 = Debug|Any CPU
		{EA4E4E08-AF57-4E1B-9057-EAA0B3584100}.Release|Any CPU.ActiveCfg = Release|Any CPU
		{EA4E4E08-AF57-4E1B-9057-EAA0B3584100}.Release|Any CPU.Build.0 = Release|Any CPU
		{5AFB395C-3D0B-4C46-967B-16B73943A694}.Debug|Any CPU.ActiveCfg = Debug|Any CPU
		{5AFB395C-3D0B-4C46-967B-16B73943A694}.Debug|Any CPU.Build.0 = Debug|Any CPU
		{5AFB395C-3D0B-4C46-967B-16B73943A694}.Release|Any CPU.ActiveCfg = Release|Any CPU
		{5AFB395C-3D0B-4C46-967B-16B73943A694}.Release|Any CPU.Build.0 = Release|Any CPU
		{D86DE363-8037-41EB-AAE9-1EE206D3E5CE}.Debug|Any CPU.ActiveCfg = Debug|Any CPU
		{D86DE363-8037-41EB-AAE9-1EE206D3E5CE}.Debug|Any CPU.Build.0 = Debug|Any CPU
		{D86DE363-8037-41EB-AAE9-1EE206D3E5CE}.Release|Any CPU.ActiveCfg = Release|Any CPU
		{D86DE363-8037-41EB-AAE9-1EE206D3E5CE}.Release|Any CPU.Build.0 = Release|Any CPU
		{371822BD-A195-4A9F-B497-E249F67F0796}.Debug|Any CPU.ActiveCfg = Debug|Any CPU
		{371822BD-A195-4A9F-B497-E249F67F0796}.Debug|Any CPU.Build.0 = Debug|Any CPU
		{371822BD-A195-4A9F-B497-E249F67F0796}.Release|Any CPU.ActiveCfg = Release|Any CPU
		{371822BD-A195-4A9F-B497-E249F67F0796}.Release|Any CPU.Build.0 = Release|Any CPU
		{DF16C8F3-AE3D-4056-9949-2AC5794B7BCD}.Debug|Any CPU.ActiveCfg = Debug|Any CPU
		{DF16C8F3-AE3D-4056-9949-2AC5794B7BCD}.Debug|Any CPU.Build.0 = Debug|Any CPU
		{DF16C8F3-AE3D-4056-9949-2AC5794B7BCD}.Release|Any CPU.ActiveCfg = Release|Any CPU
		{DF16C8F3-AE3D-4056-9949-2AC5794B7BCD}.Release|Any CPU.Build.0 = Release|Any CPU
		{440D7590-2BD2-41D2-ABE7-2403FAEC3442}.Debug|Any CPU.ActiveCfg = Debug|Any CPU
		{440D7590-2BD2-41D2-ABE7-2403FAEC3442}.Debug|Any CPU.Build.0 = Debug|Any CPU
		{440D7590-2BD2-41D2-ABE7-2403FAEC3442}.Release|Any CPU.ActiveCfg = Release|Any CPU
		{440D7590-2BD2-41D2-ABE7-2403FAEC3442}.Release|Any CPU.Build.0 = Release|Any CPU
		{F28A4ECA-6B84-4D9F-8838-2ACECF77AA50}.Debug|Any CPU.ActiveCfg = Debug|Any CPU
		{F28A4ECA-6B84-4D9F-8838-2ACECF77AA50}.Debug|Any CPU.Build.0 = Debug|Any CPU
		{F28A4ECA-6B84-4D9F-8838-2ACECF77AA50}.Release|Any CPU.ActiveCfg = Release|Any CPU
		{F28A4ECA-6B84-4D9F-8838-2ACECF77AA50}.Release|Any CPU.Build.0 = Release|Any CPU
		{3F9609E2-7CA6-4D69-9A69-BE7288F58B07}.Debug|Any CPU.ActiveCfg = Debug|Any CPU
		{3F9609E2-7CA6-4D69-9A69-BE7288F58B07}.Debug|Any CPU.Build.0 = Debug|Any CPU
		{3F9609E2-7CA6-4D69-9A69-BE7288F58B07}.Release|Any CPU.ActiveCfg = Release|Any CPU
		{3F9609E2-7CA6-4D69-9A69-BE7288F58B07}.Release|Any CPU.Build.0 = Release|Any CPU
		{BD19A16E-C164-46AE-A894-F44A048562F7}.Debug|Any CPU.ActiveCfg = Debug|Any CPU
		{BD19A16E-C164-46AE-A894-F44A048562F7}.Debug|Any CPU.Build.0 = Debug|Any CPU
		{BD19A16E-C164-46AE-A894-F44A048562F7}.Release|Any CPU.ActiveCfg = Release|Any CPU
		{BD19A16E-C164-46AE-A894-F44A048562F7}.Release|Any CPU.Build.0 = Release|Any CPU
		{B745F9D3-89AB-4E3F-8FF7-6231F3EA63E7}.Debug|Any CPU.ActiveCfg = Debug|Any CPU
		{B745F9D3-89AB-4E3F-8FF7-6231F3EA63E7}.Debug|Any CPU.Build.0 = Debug|Any CPU
		{B745F9D3-89AB-4E3F-8FF7-6231F3EA63E7}.Release|Any CPU.ActiveCfg = Release|Any CPU
		{B745F9D3-89AB-4E3F-8FF7-6231F3EA63E7}.Release|Any CPU.Build.0 = Release|Any CPU
		{6CC2723E-795E-4C36-9BAD-03B98B2BCADC}.Debug|Any CPU.ActiveCfg = Debug|Any CPU
		{6CC2723E-795E-4C36-9BAD-03B98B2BCADC}.Debug|Any CPU.Build.0 = Debug|Any CPU
		{6CC2723E-795E-4C36-9BAD-03B98B2BCADC}.Release|Any CPU.ActiveCfg = Release|Any CPU
		{6CC2723E-795E-4C36-9BAD-03B98B2BCADC}.Release|Any CPU.Build.0 = Release|Any CPU
		{B2F72933-D6F5-4A3B-919A-E5F9CBA651E7}.Debug|Any CPU.ActiveCfg = Debug|Any CPU
		{B2F72933-D6F5-4A3B-919A-E5F9CBA651E7}.Debug|Any CPU.Build.0 = Debug|Any CPU
		{B2F72933-D6F5-4A3B-919A-E5F9CBA651E7}.Release|Any CPU.ActiveCfg = Release|Any CPU
		{B2F72933-D6F5-4A3B-919A-E5F9CBA651E7}.Release|Any CPU.Build.0 = Release|Any CPU
		{2D2C5570-B56F-4AA3-B188-9EA4938ABD9F}.Debug|Any CPU.ActiveCfg = Debug|Any CPU
		{2D2C5570-B56F-4AA3-B188-9EA4938ABD9F}.Debug|Any CPU.Build.0 = Debug|Any CPU
		{2D2C5570-B56F-4AA3-B188-9EA4938ABD9F}.Release|Any CPU.ActiveCfg = Release|Any CPU
		{2D2C5570-B56F-4AA3-B188-9EA4938ABD9F}.Release|Any CPU.Build.0 = Release|Any CPU
		{5B2A1681-75D4-4B6C-B098-16972D0556EC}.Debug|Any CPU.ActiveCfg = Debug|Any CPU
		{5B2A1681-75D4-4B6C-B098-16972D0556EC}.Debug|Any CPU.Build.0 = Debug|Any CPU
		{5B2A1681-75D4-4B6C-B098-16972D0556EC}.Release|Any CPU.ActiveCfg = Release|Any CPU
		{5B2A1681-75D4-4B6C-B098-16972D0556EC}.Release|Any CPU.Build.0 = Release|Any CPU
		{80F5F9B1-A8EF-4767-A21D-1E7464D85662}.Debug|Any CPU.ActiveCfg = Debug|Any CPU
		{80F5F9B1-A8EF-4767-A21D-1E7464D85662}.Debug|Any CPU.Build.0 = Debug|Any CPU
		{80F5F9B1-A8EF-4767-A21D-1E7464D85662}.Release|Any CPU.ActiveCfg = Release|Any CPU
		{80F5F9B1-A8EF-4767-A21D-1E7464D85662}.Release|Any CPU.Build.0 = Release|Any CPU
		{FBB19CA0-3111-43FC-A287-6AC106C5CA4B}.Debug|Any CPU.ActiveCfg = Debug|Any CPU
		{FBB19CA0-3111-43FC-A287-6AC106C5CA4B}.Debug|Any CPU.Build.0 = Debug|Any CPU
		{FBB19CA0-3111-43FC-A287-6AC106C5CA4B}.Release|Any CPU.ActiveCfg = Release|Any CPU
		{FBB19CA0-3111-43FC-A287-6AC106C5CA4B}.Release|Any CPU.Build.0 = Release|Any CPU
		{4096E3CD-1AD0-4C72-8970-F3419A91FACE}.Debug|Any CPU.ActiveCfg = Debug|Any CPU
		{4096E3CD-1AD0-4C72-8970-F3419A91FACE}.Debug|Any CPU.Build.0 = Debug|Any CPU
		{4096E3CD-1AD0-4C72-8970-F3419A91FACE}.Release|Any CPU.ActiveCfg = Release|Any CPU
		{4096E3CD-1AD0-4C72-8970-F3419A91FACE}.Release|Any CPU.Build.0 = Release|Any CPU
		{2F4624EF-5A29-4726-A812-1A208E20C7FA}.Debug|Any CPU.ActiveCfg = Debug|Any CPU
		{2F4624EF-5A29-4726-A812-1A208E20C7FA}.Debug|Any CPU.Build.0 = Debug|Any CPU
		{2F4624EF-5A29-4726-A812-1A208E20C7FA}.Release|Any CPU.ActiveCfg = Release|Any CPU
		{2F4624EF-5A29-4726-A812-1A208E20C7FA}.Release|Any CPU.Build.0 = Release|Any CPU
		{65DC5E71-5639-4E34-9138-93998F8253DA}.Debug|Any CPU.ActiveCfg = Debug|Any CPU
		{65DC5E71-5639-4E34-9138-93998F8253DA}.Debug|Any CPU.Build.0 = Debug|Any CPU
		{65DC5E71-5639-4E34-9138-93998F8253DA}.Release|Any CPU.ActiveCfg = Release|Any CPU
		{65DC5E71-5639-4E34-9138-93998F8253DA}.Release|Any CPU.Build.0 = Release|Any CPU
		{557F6A59-D955-4220-929F-E5BB4B006E6F}.Debug|Any CPU.ActiveCfg = Debug|Any CPU
		{557F6A59-D955-4220-929F-E5BB4B006E6F}.Debug|Any CPU.Build.0 = Debug|Any CPU
		{557F6A59-D955-4220-929F-E5BB4B006E6F}.Release|Any CPU.ActiveCfg = Release|Any CPU
		{557F6A59-D955-4220-929F-E5BB4B006E6F}.Release|Any CPU.Build.0 = Release|Any CPU
		{497E173A-1A3E-4674-AF75-D478D5ACA400}.Debug|Any CPU.ActiveCfg = Debug|Any CPU
		{497E173A-1A3E-4674-AF75-D478D5ACA400}.Debug|Any CPU.Build.0 = Debug|Any CPU
		{497E173A-1A3E-4674-AF75-D478D5ACA400}.Release|Any CPU.ActiveCfg = Release|Any CPU
		{497E173A-1A3E-4674-AF75-D478D5ACA400}.Release|Any CPU.Build.0 = Release|Any CPU
		{123E40B5-7C8B-4B2C-B0DB-8E35838447B0}.Debug|Any CPU.ActiveCfg = Debug|Any CPU
		{123E40B5-7C8B-4B2C-B0DB-8E35838447B0}.Debug|Any CPU.Build.0 = Debug|Any CPU
		{123E40B5-7C8B-4B2C-B0DB-8E35838447B0}.Release|Any CPU.ActiveCfg = Release|Any CPU
		{123E40B5-7C8B-4B2C-B0DB-8E35838447B0}.Release|Any CPU.Build.0 = Release|Any CPU
		{F716F12F-73AF-4FA2-A188-B3EE74DEC4B1}.Debug|Any CPU.ActiveCfg = Debug|Any CPU
		{F716F12F-73AF-4FA2-A188-B3EE74DEC4B1}.Debug|Any CPU.Build.0 = Debug|Any CPU
		{F716F12F-73AF-4FA2-A188-B3EE74DEC4B1}.Release|Any CPU.ActiveCfg = Release|Any CPU
		{F716F12F-73AF-4FA2-A188-B3EE74DEC4B1}.Release|Any CPU.Build.0 = Release|Any CPU
		{4122C4E1-2B9B-4A0A-BC5C-BF34DDB9F9A8}.Debug|Any CPU.ActiveCfg = Debug|Any CPU
		{4122C4E1-2B9B-4A0A-BC5C-BF34DDB9F9A8}.Debug|Any CPU.Build.0 = Debug|Any CPU
		{4122C4E1-2B9B-4A0A-BC5C-BF34DDB9F9A8}.Release|Any CPU.ActiveCfg = Release|Any CPU
		{4122C4E1-2B9B-4A0A-BC5C-BF34DDB9F9A8}.Release|Any CPU.Build.0 = Release|Any CPU
		{348BF3BA-7F61-490A-8689-BE0715D1CE71}.Debug|Any CPU.ActiveCfg = Debug|Any CPU
		{348BF3BA-7F61-490A-8689-BE0715D1CE71}.Debug|Any CPU.Build.0 = Debug|Any CPU
		{348BF3BA-7F61-490A-8689-BE0715D1CE71}.Release|Any CPU.ActiveCfg = Release|Any CPU
		{348BF3BA-7F61-490A-8689-BE0715D1CE71}.Release|Any CPU.Build.0 = Release|Any CPU
		{0708D2FB-9ABE-4FC9-BAB3-2C7FEAF8E4B5}.Debug|Any CPU.ActiveCfg = Debug|Any CPU
		{0708D2FB-9ABE-4FC9-BAB3-2C7FEAF8E4B5}.Debug|Any CPU.Build.0 = Debug|Any CPU
		{0708D2FB-9ABE-4FC9-BAB3-2C7FEAF8E4B5}.Release|Any CPU.ActiveCfg = Release|Any CPU
		{0708D2FB-9ABE-4FC9-BAB3-2C7FEAF8E4B5}.Release|Any CPU.Build.0 = Release|Any CPU
		{AAF3E805-ACDC-45CE-A8FA-EB518AC37C4E}.Debug|Any CPU.ActiveCfg = Debug|Any CPU
		{AAF3E805-ACDC-45CE-A8FA-EB518AC37C4E}.Debug|Any CPU.Build.0 = Debug|Any CPU
		{AAF3E805-ACDC-45CE-A8FA-EB518AC37C4E}.Release|Any CPU.ActiveCfg = Release|Any CPU
		{AAF3E805-ACDC-45CE-A8FA-EB518AC37C4E}.Release|Any CPU.Build.0 = Release|Any CPU
		{E95AB2D6-854A-48FB-83C4-5939C8B2529D}.Debug|Any CPU.ActiveCfg = Debug|Any CPU
		{E95AB2D6-854A-48FB-83C4-5939C8B2529D}.Debug|Any CPU.Build.0 = Debug|Any CPU
		{E95AB2D6-854A-48FB-83C4-5939C8B2529D}.Release|Any CPU.ActiveCfg = Release|Any CPU
		{E95AB2D6-854A-48FB-83C4-5939C8B2529D}.Release|Any CPU.Build.0 = Release|Any CPU
		{AE7198AF-72BD-455B-ACC5-67CEE1192A99}.Debug|Any CPU.ActiveCfg = Debug|Any CPU
		{AE7198AF-72BD-455B-ACC5-67CEE1192A99}.Debug|Any CPU.Build.0 = Debug|Any CPU
		{AE7198AF-72BD-455B-ACC5-67CEE1192A99}.Release|Any CPU.ActiveCfg = Release|Any CPU
		{AE7198AF-72BD-455B-ACC5-67CEE1192A99}.Release|Any CPU.Build.0 = Release|Any CPU
		{089AC7B6-76E1-48FC-927F-615EA6B59CF6}.Debug|Any CPU.ActiveCfg = Debug|Any CPU
		{089AC7B6-76E1-48FC-927F-615EA6B59CF6}.Debug|Any CPU.Build.0 = Debug|Any CPU
		{089AC7B6-76E1-48FC-927F-615EA6B59CF6}.Release|Any CPU.ActiveCfg = Release|Any CPU
		{089AC7B6-76E1-48FC-927F-615EA6B59CF6}.Release|Any CPU.Build.0 = Release|Any CPU
		{035F4C1E-8AC7-405A-89CC-E2E4FEEC2B44}.Debug|Any CPU.ActiveCfg = Debug|Any CPU
		{035F4C1E-8AC7-405A-89CC-E2E4FEEC2B44}.Debug|Any CPU.Build.0 = Debug|Any CPU
		{035F4C1E-8AC7-405A-89CC-E2E4FEEC2B44}.Release|Any CPU.ActiveCfg = Release|Any CPU
		{035F4C1E-8AC7-405A-89CC-E2E4FEEC2B44}.Release|Any CPU.Build.0 = Release|Any CPU
		{C33BBE61-C2FE-4E24-A9DF-3BE76C2875BA}.Debug|Any CPU.ActiveCfg = Debug|Any CPU
		{C33BBE61-C2FE-4E24-A9DF-3BE76C2875BA}.Debug|Any CPU.Build.0 = Debug|Any CPU
		{C33BBE61-C2FE-4E24-A9DF-3BE76C2875BA}.Release|Any CPU.ActiveCfg = Release|Any CPU
		{C33BBE61-C2FE-4E24-A9DF-3BE76C2875BA}.Release|Any CPU.Build.0 = Release|Any CPU
		{82A7C600-EA37-4772-9634-5BABD3A91283}.Debug|Any CPU.ActiveCfg = Debug|Any CPU
		{82A7C600-EA37-4772-9634-5BABD3A91283}.Debug|Any CPU.Build.0 = Debug|Any CPU
		{82A7C600-EA37-4772-9634-5BABD3A91283}.Release|Any CPU.ActiveCfg = Release|Any CPU
		{82A7C600-EA37-4772-9634-5BABD3A91283}.Release|Any CPU.Build.0 = Release|Any CPU
		{51E68676-553C-4F36-BC5A-AC5924E5FCB9}.Debug|Any CPU.ActiveCfg = Debug|Any CPU
		{51E68676-553C-4F36-BC5A-AC5924E5FCB9}.Debug|Any CPU.Build.0 = Debug|Any CPU
		{51E68676-553C-4F36-BC5A-AC5924E5FCB9}.Release|Any CPU.ActiveCfg = Release|Any CPU
		{51E68676-553C-4F36-BC5A-AC5924E5FCB9}.Release|Any CPU.Build.0 = Release|Any CPU
		{0E77E88C-669D-45D7-873F-0972EAA3D3F1}.Debug|Any CPU.ActiveCfg = Debug|Any CPU
		{0E77E88C-669D-45D7-873F-0972EAA3D3F1}.Debug|Any CPU.Build.0 = Debug|Any CPU
		{0E77E88C-669D-45D7-873F-0972EAA3D3F1}.Release|Any CPU.ActiveCfg = Release|Any CPU
		{0E77E88C-669D-45D7-873F-0972EAA3D3F1}.Release|Any CPU.Build.0 = Release|Any CPU
		{9A8B9280-18A1-45D1-817F-26F474480ED6}.Debug|Any CPU.ActiveCfg = Debug|Any CPU
		{9A8B9280-18A1-45D1-817F-26F474480ED6}.Debug|Any CPU.Build.0 = Debug|Any CPU
		{9A8B9280-18A1-45D1-817F-26F474480ED6}.Release|Any CPU.ActiveCfg = Release|Any CPU
		{9A8B9280-18A1-45D1-817F-26F474480ED6}.Release|Any CPU.Build.0 = Release|Any CPU
		{2B4BE20C-7968-4B92-9C42-159675614B06}.Debug|Any CPU.ActiveCfg = Debug|Any CPU
		{2B4BE20C-7968-4B92-9C42-159675614B06}.Debug|Any CPU.Build.0 = Debug|Any CPU
		{2B4BE20C-7968-4B92-9C42-159675614B06}.Release|Any CPU.ActiveCfg = Release|Any CPU
		{2B4BE20C-7968-4B92-9C42-159675614B06}.Release|Any CPU.Build.0 = Release|Any CPU
		{A2A45F82-C356-45E9-BC36-A39BE9140B69}.Debug|Any CPU.ActiveCfg = Debug|Any CPU
		{A2A45F82-C356-45E9-BC36-A39BE9140B69}.Debug|Any CPU.Build.0 = Debug|Any CPU
		{A2A45F82-C356-45E9-BC36-A39BE9140B69}.Release|Any CPU.ActiveCfg = Release|Any CPU
		{A2A45F82-C356-45E9-BC36-A39BE9140B69}.Release|Any CPU.Build.0 = Release|Any CPU
		{F4C01D0A-77E8-40D1-9322-7C1BEE938FD7}.Debug|Any CPU.ActiveCfg = Debug|Any CPU
		{F4C01D0A-77E8-40D1-9322-7C1BEE938FD7}.Debug|Any CPU.Build.0 = Debug|Any CPU
		{F4C01D0A-77E8-40D1-9322-7C1BEE938FD7}.Release|Any CPU.ActiveCfg = Release|Any CPU
		{F4C01D0A-77E8-40D1-9322-7C1BEE938FD7}.Release|Any CPU.Build.0 = Release|Any CPU
		{306A2DA9-00A4-4448-919E-33135EEEFD35}.Debug|Any CPU.ActiveCfg = Debug|Any CPU
		{306A2DA9-00A4-4448-919E-33135EEEFD35}.Debug|Any CPU.Build.0 = Debug|Any CPU
		{306A2DA9-00A4-4448-919E-33135EEEFD35}.Release|Any CPU.ActiveCfg = Release|Any CPU
		{306A2DA9-00A4-4448-919E-33135EEEFD35}.Release|Any CPU.Build.0 = Release|Any CPU
		{4D40319A-42AF-4AC3-AAD2-0B700F3E2F76}.Debug|Any CPU.ActiveCfg = Debug|Any CPU
		{4D40319A-42AF-4AC3-AAD2-0B700F3E2F76}.Debug|Any CPU.Build.0 = Debug|Any CPU
		{4D40319A-42AF-4AC3-AAD2-0B700F3E2F76}.Release|Any CPU.ActiveCfg = Release|Any CPU
		{4D40319A-42AF-4AC3-AAD2-0B700F3E2F76}.Release|Any CPU.Build.0 = Release|Any CPU
		{BE5E1F00-5022-47E9-94D5-BBD99445051D}.Debug|Any CPU.ActiveCfg = Debug|Any CPU
		{BE5E1F00-5022-47E9-94D5-BBD99445051D}.Debug|Any CPU.Build.0 = Debug|Any CPU
		{BE5E1F00-5022-47E9-94D5-BBD99445051D}.Release|Any CPU.ActiveCfg = Release|Any CPU
		{BE5E1F00-5022-47E9-94D5-BBD99445051D}.Release|Any CPU.Build.0 = Release|Any CPU
		{43DF5259-A4EF-4621-8373-5F6F85AF09B3}.Debug|Any CPU.ActiveCfg = Debug|Any CPU
		{43DF5259-A4EF-4621-8373-5F6F85AF09B3}.Debug|Any CPU.Build.0 = Debug|Any CPU
		{43DF5259-A4EF-4621-8373-5F6F85AF09B3}.Release|Any CPU.ActiveCfg = Release|Any CPU
		{43DF5259-A4EF-4621-8373-5F6F85AF09B3}.Release|Any CPU.Build.0 = Release|Any CPU
		{246649F5-B8A3-48A2-A8B3-0072D84A23E1}.Debug|Any CPU.ActiveCfg = Debug|Any CPU
		{246649F5-B8A3-48A2-A8B3-0072D84A23E1}.Debug|Any CPU.Build.0 = Debug|Any CPU
		{246649F5-B8A3-48A2-A8B3-0072D84A23E1}.Release|Any CPU.ActiveCfg = Release|Any CPU
		{246649F5-B8A3-48A2-A8B3-0072D84A23E1}.Release|Any CPU.Build.0 = Release|Any CPU
		{34A6CB76-3393-4D9B-8EAB-80591D4EE394}.Debug|Any CPU.ActiveCfg = Debug|Any CPU
		{34A6CB76-3393-4D9B-8EAB-80591D4EE394}.Debug|Any CPU.Build.0 = Debug|Any CPU
		{34A6CB76-3393-4D9B-8EAB-80591D4EE394}.Release|Any CPU.ActiveCfg = Release|Any CPU
		{34A6CB76-3393-4D9B-8EAB-80591D4EE394}.Release|Any CPU.Build.0 = Release|Any CPU
		{1C9DF04F-9081-4E43-BEA6-BED8626B7554}.Debug|Any CPU.ActiveCfg = Debug|Any CPU
		{1C9DF04F-9081-4E43-BEA6-BED8626B7554}.Debug|Any CPU.Build.0 = Debug|Any CPU
		{1C9DF04F-9081-4E43-BEA6-BED8626B7554}.Release|Any CPU.ActiveCfg = Release|Any CPU
		{1C9DF04F-9081-4E43-BEA6-BED8626B7554}.Release|Any CPU.Build.0 = Release|Any CPU
		{48C7D247-463F-4E35-9381-87459A9062A5}.Debug|Any CPU.ActiveCfg = Debug|Any CPU
		{48C7D247-463F-4E35-9381-87459A9062A5}.Debug|Any CPU.Build.0 = Debug|Any CPU
		{48C7D247-463F-4E35-9381-87459A9062A5}.Release|Any CPU.ActiveCfg = Release|Any CPU
		{48C7D247-463F-4E35-9381-87459A9062A5}.Release|Any CPU.Build.0 = Release|Any CPU
		{FC9401EE-73EC-4232-A2C1-11B6780434C1}.Debug|Any CPU.ActiveCfg = Debug|Any CPU
		{FC9401EE-73EC-4232-A2C1-11B6780434C1}.Debug|Any CPU.Build.0 = Debug|Any CPU
		{FC9401EE-73EC-4232-A2C1-11B6780434C1}.Release|Any CPU.ActiveCfg = Release|Any CPU
		{FC9401EE-73EC-4232-A2C1-11B6780434C1}.Release|Any CPU.Build.0 = Release|Any CPU
		{73F24813-97B0-4C43-A66C-77F0E23CC24D}.Debug|Any CPU.ActiveCfg = Debug|Any CPU
		{73F24813-97B0-4C43-A66C-77F0E23CC24D}.Debug|Any CPU.Build.0 = Debug|Any CPU
		{73F24813-97B0-4C43-A66C-77F0E23CC24D}.Release|Any CPU.ActiveCfg = Release|Any CPU
		{73F24813-97B0-4C43-A66C-77F0E23CC24D}.Release|Any CPU.Build.0 = Release|Any CPU
		{4BE16122-C2F0-47CF-B2F9-1CC20F076740}.Debug|Any CPU.ActiveCfg = Debug|Any CPU
		{4BE16122-C2F0-47CF-B2F9-1CC20F076740}.Debug|Any CPU.Build.0 = Debug|Any CPU
		{4BE16122-C2F0-47CF-B2F9-1CC20F076740}.Release|Any CPU.ActiveCfg = Release|Any CPU
		{4BE16122-C2F0-47CF-B2F9-1CC20F076740}.Release|Any CPU.Build.0 = Release|Any CPU
		{B4C3E54E-32E1-4EB3-9BE5-08F6B1261F37}.Debug|Any CPU.ActiveCfg = Debug|Any CPU
		{B4C3E54E-32E1-4EB3-9BE5-08F6B1261F37}.Debug|Any CPU.Build.0 = Debug|Any CPU
		{B4C3E54E-32E1-4EB3-9BE5-08F6B1261F37}.Release|Any CPU.ActiveCfg = Release|Any CPU
		{B4C3E54E-32E1-4EB3-9BE5-08F6B1261F37}.Release|Any CPU.Build.0 = Release|Any CPU
		{D97CB838-394B-4B6B-A680-421060A3DF61}.Debug|Any CPU.ActiveCfg = Debug|Any CPU
		{D97CB838-394B-4B6B-A680-421060A3DF61}.Debug|Any CPU.Build.0 = Debug|Any CPU
		{D97CB838-394B-4B6B-A680-421060A3DF61}.Release|Any CPU.ActiveCfg = Release|Any CPU
		{D97CB838-394B-4B6B-A680-421060A3DF61}.Release|Any CPU.Build.0 = Release|Any CPU
		{EB47EF9B-1F08-4327-9616-FD6620BAC2CA}.Debug|Any CPU.ActiveCfg = Debug|Any CPU
		{EB47EF9B-1F08-4327-9616-FD6620BAC2CA}.Debug|Any CPU.Build.0 = Debug|Any CPU
		{EB47EF9B-1F08-4327-9616-FD6620BAC2CA}.Release|Any CPU.ActiveCfg = Release|Any CPU
		{EB47EF9B-1F08-4327-9616-FD6620BAC2CA}.Release|Any CPU.Build.0 = Release|Any CPU
		{A40727B5-E391-4EA4-8BA3-21B4826B9265}.Debug|Any CPU.ActiveCfg = Debug|Any CPU
		{A40727B5-E391-4EA4-8BA3-21B4826B9265}.Debug|Any CPU.Build.0 = Debug|Any CPU
		{A40727B5-E391-4EA4-8BA3-21B4826B9265}.Release|Any CPU.ActiveCfg = Release|Any CPU
		{A40727B5-E391-4EA4-8BA3-21B4826B9265}.Release|Any CPU.Build.0 = Release|Any CPU
		{D4A6D436-484C-4FA0-85AD-AF265AD9F2C1}.Debug|Any CPU.ActiveCfg = Debug|Any CPU
		{D4A6D436-484C-4FA0-85AD-AF265AD9F2C1}.Debug|Any CPU.Build.0 = Debug|Any CPU
		{D4A6D436-484C-4FA0-85AD-AF265AD9F2C1}.Release|Any CPU.ActiveCfg = Release|Any CPU
		{D4A6D436-484C-4FA0-85AD-AF265AD9F2C1}.Release|Any CPU.Build.0 = Release|Any CPU
		{7C67A0B8-32FE-476A-AFA5-D5735960A1CE}.Debug|Any CPU.ActiveCfg = Debug|Any CPU
		{7C67A0B8-32FE-476A-AFA5-D5735960A1CE}.Debug|Any CPU.Build.0 = Debug|Any CPU
		{7C67A0B8-32FE-476A-AFA5-D5735960A1CE}.Release|Any CPU.ActiveCfg = Release|Any CPU
		{7C67A0B8-32FE-476A-AFA5-D5735960A1CE}.Release|Any CPU.Build.0 = Release|Any CPU
		{6971E635-D790-41CD-9B0F-F6EAFF171F0B}.Debug|Any CPU.ActiveCfg = Debug|Any CPU
		{6971E635-D790-41CD-9B0F-F6EAFF171F0B}.Debug|Any CPU.Build.0 = Debug|Any CPU
		{6971E635-D790-41CD-9B0F-F6EAFF171F0B}.Release|Any CPU.ActiveCfg = Release|Any CPU
		{6971E635-D790-41CD-9B0F-F6EAFF171F0B}.Release|Any CPU.Build.0 = Release|Any CPU
		{C17B5C8C-E856-4FC1-B4BC-076579C968CA}.Debug|Any CPU.ActiveCfg = Debug|Any CPU
		{C17B5C8C-E856-4FC1-B4BC-076579C968CA}.Debug|Any CPU.Build.0 = Debug|Any CPU
		{C17B5C8C-E856-4FC1-B4BC-076579C968CA}.Release|Any CPU.ActiveCfg = Release|Any CPU
		{C17B5C8C-E856-4FC1-B4BC-076579C968CA}.Release|Any CPU.Build.0 = Release|Any CPU
		{FD0E61E7-7102-42A8-AB1E-D57D3FF4A073}.Debug|Any CPU.ActiveCfg = Debug|Any CPU
		{FD0E61E7-7102-42A8-AB1E-D57D3FF4A073}.Debug|Any CPU.Build.0 = Debug|Any CPU
		{FD0E61E7-7102-42A8-AB1E-D57D3FF4A073}.Release|Any CPU.ActiveCfg = Release|Any CPU
		{FD0E61E7-7102-42A8-AB1E-D57D3FF4A073}.Release|Any CPU.Build.0 = Release|Any CPU
		{ECAD71E5-701D-4AD2-8D58-99CF93102C8A}.Debug|Any CPU.ActiveCfg = Debug|Any CPU
		{ECAD71E5-701D-4AD2-8D58-99CF93102C8A}.Debug|Any CPU.Build.0 = Debug|Any CPU
		{ECAD71E5-701D-4AD2-8D58-99CF93102C8A}.Release|Any CPU.ActiveCfg = Release|Any CPU
		{ECAD71E5-701D-4AD2-8D58-99CF93102C8A}.Release|Any CPU.Build.0 = Release|Any CPU
		{FF9CE17C-B11C-4A73-B484-44031E00F39E}.Debug|Any CPU.ActiveCfg = Debug|Any CPU
		{FF9CE17C-B11C-4A73-B484-44031E00F39E}.Debug|Any CPU.Build.0 = Debug|Any CPU
		{FF9CE17C-B11C-4A73-B484-44031E00F39E}.Release|Any CPU.ActiveCfg = Release|Any CPU
		{FF9CE17C-B11C-4A73-B484-44031E00F39E}.Release|Any CPU.Build.0 = Release|Any CPU
		{A8BDD3D3-B98D-42D0-82C7-4801A7EAFEDA}.Debug|Any CPU.ActiveCfg = Debug|Any CPU
		{A8BDD3D3-B98D-42D0-82C7-4801A7EAFEDA}.Debug|Any CPU.Build.0 = Debug|Any CPU
		{A8BDD3D3-B98D-42D0-82C7-4801A7EAFEDA}.Release|Any CPU.ActiveCfg = Release|Any CPU
		{A8BDD3D3-B98D-42D0-82C7-4801A7EAFEDA}.Release|Any CPU.Build.0 = Release|Any CPU
		{99120192-61A5-4031-9730-202EDBD11FD0}.Debug|Any CPU.ActiveCfg = Debug|Any CPU
		{99120192-61A5-4031-9730-202EDBD11FD0}.Debug|Any CPU.Build.0 = Debug|Any CPU
		{99120192-61A5-4031-9730-202EDBD11FD0}.Release|Any CPU.ActiveCfg = Release|Any CPU
		{99120192-61A5-4031-9730-202EDBD11FD0}.Release|Any CPU.Build.0 = Release|Any CPU
		{0F1588F9-6353-47F4-87E0-B43E064CE8C9}.Debug|Any CPU.ActiveCfg = Debug|Any CPU
		{0F1588F9-6353-47F4-87E0-B43E064CE8C9}.Debug|Any CPU.Build.0 = Debug|Any CPU
		{0F1588F9-6353-47F4-87E0-B43E064CE8C9}.Release|Any CPU.ActiveCfg = Release|Any CPU
		{0F1588F9-6353-47F4-87E0-B43E064CE8C9}.Release|Any CPU.Build.0 = Release|Any CPU
		{2CC14B29-6980-4AB5-8253-935A11CB6BFD}.Debug|Any CPU.ActiveCfg = Debug|Any CPU
		{2CC14B29-6980-4AB5-8253-935A11CB6BFD}.Debug|Any CPU.Build.0 = Debug|Any CPU
		{2CC14B29-6980-4AB5-8253-935A11CB6BFD}.Release|Any CPU.ActiveCfg = Release|Any CPU
		{2CC14B29-6980-4AB5-8253-935A11CB6BFD}.Release|Any CPU.Build.0 = Release|Any CPU
		{E59C7354-86B5-4F96-A243-D46255213361}.Debug|Any CPU.ActiveCfg = Debug|Any CPU
		{E59C7354-86B5-4F96-A243-D46255213361}.Debug|Any CPU.Build.0 = Debug|Any CPU
		{E59C7354-86B5-4F96-A243-D46255213361}.Release|Any CPU.ActiveCfg = Release|Any CPU
		{E59C7354-86B5-4F96-A243-D46255213361}.Release|Any CPU.Build.0 = Release|Any CPU
		{87BD348F-4B81-42A4-A690-32BFE531DBF0}.Debug|Any CPU.ActiveCfg = Debug|Any CPU
		{87BD348F-4B81-42A4-A690-32BFE531DBF0}.Debug|Any CPU.Build.0 = Debug|Any CPU
		{87BD348F-4B81-42A4-A690-32BFE531DBF0}.Release|Any CPU.ActiveCfg = Release|Any CPU
		{87BD348F-4B81-42A4-A690-32BFE531DBF0}.Release|Any CPU.Build.0 = Release|Any CPU
		{C03D4366-426D-47C8-8A28-FA2224D53997}.Debug|Any CPU.ActiveCfg = Debug|Any CPU
		{C03D4366-426D-47C8-8A28-FA2224D53997}.Debug|Any CPU.Build.0 = Debug|Any CPU
		{C03D4366-426D-47C8-8A28-FA2224D53997}.Release|Any CPU.ActiveCfg = Release|Any CPU
		{C03D4366-426D-47C8-8A28-FA2224D53997}.Release|Any CPU.Build.0 = Release|Any CPU
		{4599BBC4-D4DF-4B34-A0AC-74927679AC58}.Debug|Any CPU.ActiveCfg = Debug|Any CPU
		{4599BBC4-D4DF-4B34-A0AC-74927679AC58}.Debug|Any CPU.Build.0 = Debug|Any CPU
		{4599BBC4-D4DF-4B34-A0AC-74927679AC58}.Release|Any CPU.ActiveCfg = Release|Any CPU
		{4599BBC4-D4DF-4B34-A0AC-74927679AC58}.Release|Any CPU.Build.0 = Release|Any CPU
		{F6264ECF-B918-48D5-9F62-EDBFEB3A7852}.Debug|Any CPU.ActiveCfg = Debug|Any CPU
		{F6264ECF-B918-48D5-9F62-EDBFEB3A7852}.Debug|Any CPU.Build.0 = Debug|Any CPU
		{F6264ECF-B918-48D5-9F62-EDBFEB3A7852}.Release|Any CPU.ActiveCfg = Release|Any CPU
		{F6264ECF-B918-48D5-9F62-EDBFEB3A7852}.Release|Any CPU.Build.0 = Release|Any CPU
		{212D31D6-FCDC-4696-91F0-C8CB82F8DB75}.Debug|Any CPU.ActiveCfg = Debug|Any CPU
		{212D31D6-FCDC-4696-91F0-C8CB82F8DB75}.Debug|Any CPU.Build.0 = Debug|Any CPU
		{212D31D6-FCDC-4696-91F0-C8CB82F8DB75}.Release|Any CPU.ActiveCfg = Release|Any CPU
		{212D31D6-FCDC-4696-91F0-C8CB82F8DB75}.Release|Any CPU.Build.0 = Release|Any CPU
		{CB7AD8F3-5DA8-4F83-90E5-C8D0940FF646}.Debug|Any CPU.ActiveCfg = Debug|Any CPU
		{CB7AD8F3-5DA8-4F83-90E5-C8D0940FF646}.Debug|Any CPU.Build.0 = Debug|Any CPU
		{CB7AD8F3-5DA8-4F83-90E5-C8D0940FF646}.Release|Any CPU.ActiveCfg = Release|Any CPU
		{CB7AD8F3-5DA8-4F83-90E5-C8D0940FF646}.Release|Any CPU.Build.0 = Release|Any CPU
		{FEEFED88-6E36-4A66-A0E0-C95220A0C0E2}.Debug|Any CPU.ActiveCfg = Debug|Any CPU
		{FEEFED88-6E36-4A66-A0E0-C95220A0C0E2}.Debug|Any CPU.Build.0 = Debug|Any CPU
		{FEEFED88-6E36-4A66-A0E0-C95220A0C0E2}.Release|Any CPU.ActiveCfg = Release|Any CPU
		{FEEFED88-6E36-4A66-A0E0-C95220A0C0E2}.Release|Any CPU.Build.0 = Release|Any CPU
		{BD55CB55-77AA-4208-98CD-898EB9B047DE}.Debug|Any CPU.ActiveCfg = Debug|Any CPU
		{BD55CB55-77AA-4208-98CD-898EB9B047DE}.Debug|Any CPU.Build.0 = Debug|Any CPU
		{BD55CB55-77AA-4208-98CD-898EB9B047DE}.Release|Any CPU.ActiveCfg = Release|Any CPU
		{BD55CB55-77AA-4208-98CD-898EB9B047DE}.Release|Any CPU.Build.0 = Release|Any CPU
		{FD0C11B0-5F33-4FDB-ACDC-323E1D61698F}.Debug|Any CPU.ActiveCfg = Debug|Any CPU
		{FD0C11B0-5F33-4FDB-ACDC-323E1D61698F}.Debug|Any CPU.Build.0 = Debug|Any CPU
		{FD0C11B0-5F33-4FDB-ACDC-323E1D61698F}.Release|Any CPU.ActiveCfg = Release|Any CPU
		{FD0C11B0-5F33-4FDB-ACDC-323E1D61698F}.Release|Any CPU.Build.0 = Release|Any CPU
		{327B90B2-3058-4272-A17C-103834E8D347}.Debug|Any CPU.ActiveCfg = Debug|Any CPU
		{327B90B2-3058-4272-A17C-103834E8D347}.Debug|Any CPU.Build.0 = Debug|Any CPU
		{327B90B2-3058-4272-A17C-103834E8D347}.Release|Any CPU.ActiveCfg = Release|Any CPU
		{327B90B2-3058-4272-A17C-103834E8D347}.Release|Any CPU.Build.0 = Release|Any CPU
		{1A97ACBB-F3DF-4AF5-AFCA-8E4AFD84AB4E}.Debug|Any CPU.ActiveCfg = Debug|Any CPU
		{1A97ACBB-F3DF-4AF5-AFCA-8E4AFD84AB4E}.Debug|Any CPU.Build.0 = Debug|Any CPU
		{1A97ACBB-F3DF-4AF5-AFCA-8E4AFD84AB4E}.Release|Any CPU.ActiveCfg = Release|Any CPU
		{1A97ACBB-F3DF-4AF5-AFCA-8E4AFD84AB4E}.Release|Any CPU.Build.0 = Release|Any CPU
		{9B16D291-3D8E-4F2C-9BDE-54C83970201F}.Debug|Any CPU.ActiveCfg = Debug|Any CPU
		{9B16D291-3D8E-4F2C-9BDE-54C83970201F}.Debug|Any CPU.Build.0 = Debug|Any CPU
		{9B16D291-3D8E-4F2C-9BDE-54C83970201F}.Release|Any CPU.ActiveCfg = Release|Any CPU
		{9B16D291-3D8E-4F2C-9BDE-54C83970201F}.Release|Any CPU.Build.0 = Release|Any CPU
		{985570E8-A3B4-4BBA-AE14-7CFB1F823793}.Debug|Any CPU.ActiveCfg = Debug|Any CPU
		{985570E8-A3B4-4BBA-AE14-7CFB1F823793}.Debug|Any CPU.Build.0 = Debug|Any CPU
		{985570E8-A3B4-4BBA-AE14-7CFB1F823793}.Release|Any CPU.ActiveCfg = Release|Any CPU
		{985570E8-A3B4-4BBA-AE14-7CFB1F823793}.Release|Any CPU.Build.0 = Release|Any CPU
		{05C8CD7A-7D57-4B10-9B2F-300F1F6EF2B2}.Debug|Any CPU.ActiveCfg = Debug|Any CPU
		{05C8CD7A-7D57-4B10-9B2F-300F1F6EF2B2}.Debug|Any CPU.Build.0 = Debug|Any CPU
		{05C8CD7A-7D57-4B10-9B2F-300F1F6EF2B2}.Release|Any CPU.ActiveCfg = Release|Any CPU
		{05C8CD7A-7D57-4B10-9B2F-300F1F6EF2B2}.Release|Any CPU.Build.0 = Release|Any CPU
		{C36F133B-902B-4C77-8DF0-1B452966DAAC}.Debug|Any CPU.ActiveCfg = Debug|Any CPU
		{C36F133B-902B-4C77-8DF0-1B452966DAAC}.Debug|Any CPU.Build.0 = Debug|Any CPU
		{C36F133B-902B-4C77-8DF0-1B452966DAAC}.Release|Any CPU.ActiveCfg = Release|Any CPU
		{C36F133B-902B-4C77-8DF0-1B452966DAAC}.Release|Any CPU.Build.0 = Release|Any CPU
		{810EFD9D-AEAB-4D28-8AA7-2A95F2D895F6}.Debug|Any CPU.ActiveCfg = Debug|Any CPU
		{810EFD9D-AEAB-4D28-8AA7-2A95F2D895F6}.Debug|Any CPU.Build.0 = Debug|Any CPU
		{810EFD9D-AEAB-4D28-8AA7-2A95F2D895F6}.Release|Any CPU.ActiveCfg = Release|Any CPU
		{810EFD9D-AEAB-4D28-8AA7-2A95F2D895F6}.Release|Any CPU.Build.0 = Release|Any CPU
		{FE38A125-C9A1-401E-911A-459C28C0F0F3}.Debug|Any CPU.ActiveCfg = Debug|Any CPU
		{FE38A125-C9A1-401E-911A-459C28C0F0F3}.Debug|Any CPU.Build.0 = Debug|Any CPU
		{FE38A125-C9A1-401E-911A-459C28C0F0F3}.Release|Any CPU.ActiveCfg = Release|Any CPU
		{FE38A125-C9A1-401E-911A-459C28C0F0F3}.Release|Any CPU.Build.0 = Release|Any CPU
		{0C28FE96-7E73-4971-A6DC-3C0134FEDD06}.Debug|Any CPU.ActiveCfg = Debug|Any CPU
		{0C28FE96-7E73-4971-A6DC-3C0134FEDD06}.Debug|Any CPU.Build.0 = Debug|Any CPU
		{0C28FE96-7E73-4971-A6DC-3C0134FEDD06}.Release|Any CPU.ActiveCfg = Release|Any CPU
		{0C28FE96-7E73-4971-A6DC-3C0134FEDD06}.Release|Any CPU.Build.0 = Release|Any CPU
		{069AE610-A9A1-4821-8250-F015F4C10189}.Debug|Any CPU.ActiveCfg = Debug|Any CPU
		{069AE610-A9A1-4821-8250-F015F4C10189}.Debug|Any CPU.Build.0 = Debug|Any CPU
		{069AE610-A9A1-4821-8250-F015F4C10189}.Release|Any CPU.ActiveCfg = Release|Any CPU
		{069AE610-A9A1-4821-8250-F015F4C10189}.Release|Any CPU.Build.0 = Release|Any CPU
		{BD69C890-09B5-4876-9348-1735F0E0A49C}.Debug|Any CPU.ActiveCfg = Debug|Any CPU
		{BD69C890-09B5-4876-9348-1735F0E0A49C}.Debug|Any CPU.Build.0 = Debug|Any CPU
		{BD69C890-09B5-4876-9348-1735F0E0A49C}.Release|Any CPU.ActiveCfg = Release|Any CPU
		{BD69C890-09B5-4876-9348-1735F0E0A49C}.Release|Any CPU.Build.0 = Release|Any CPU
		{D3FD8D5C-9723-42EB-932C-16C98AE54237}.Debug|Any CPU.ActiveCfg = Debug|Any CPU
		{D3FD8D5C-9723-42EB-932C-16C98AE54237}.Debug|Any CPU.Build.0 = Debug|Any CPU
		{D3FD8D5C-9723-42EB-932C-16C98AE54237}.Release|Any CPU.ActiveCfg = Release|Any CPU
		{D3FD8D5C-9723-42EB-932C-16C98AE54237}.Release|Any CPU.Build.0 = Release|Any CPU
		{DB78F623-8855-4858-A8B3-8C9EF0B88AFE}.Debug|Any CPU.ActiveCfg = Debug|Any CPU
		{DB78F623-8855-4858-A8B3-8C9EF0B88AFE}.Debug|Any CPU.Build.0 = Debug|Any CPU
		{DB78F623-8855-4858-A8B3-8C9EF0B88AFE}.Release|Any CPU.ActiveCfg = Release|Any CPU
		{DB78F623-8855-4858-A8B3-8C9EF0B88AFE}.Release|Any CPU.Build.0 = Release|Any CPU
		{1D50685B-E3DB-4470-AC97-02F27227A797}.Debug|Any CPU.ActiveCfg = Debug|Any CPU
		{1D50685B-E3DB-4470-AC97-02F27227A797}.Debug|Any CPU.Build.0 = Debug|Any CPU
		{1D50685B-E3DB-4470-AC97-02F27227A797}.Release|Any CPU.ActiveCfg = Release|Any CPU
		{1D50685B-E3DB-4470-AC97-02F27227A797}.Release|Any CPU.Build.0 = Release|Any CPU
		{11D60012-DA88-42E3-A944-E9BDF9CD40AA}.Debug|Any CPU.ActiveCfg = Debug|Any CPU
		{11D60012-DA88-42E3-A944-E9BDF9CD40AA}.Debug|Any CPU.Build.0 = Debug|Any CPU
		{11D60012-DA88-42E3-A944-E9BDF9CD40AA}.Release|Any CPU.ActiveCfg = Release|Any CPU
		{11D60012-DA88-42E3-A944-E9BDF9CD40AA}.Release|Any CPU.Build.0 = Release|Any CPU
		{D7C9EBE0-ACDC-4BC3-A739-EF2E65845DD8}.Debug|Any CPU.ActiveCfg = Debug|Any CPU
		{D7C9EBE0-ACDC-4BC3-A739-EF2E65845DD8}.Debug|Any CPU.Build.0 = Debug|Any CPU
		{D7C9EBE0-ACDC-4BC3-A739-EF2E65845DD8}.Release|Any CPU.ActiveCfg = Release|Any CPU
		{D7C9EBE0-ACDC-4BC3-A739-EF2E65845DD8}.Release|Any CPU.Build.0 = Release|Any CPU
		{BE6E005B-3979-427E-9270-E38CBCD30192}.Debug|Any CPU.ActiveCfg = Debug|Any CPU
		{BE6E005B-3979-427E-9270-E38CBCD30192}.Debug|Any CPU.Build.0 = Debug|Any CPU
		{BE6E005B-3979-427E-9270-E38CBCD30192}.Release|Any CPU.ActiveCfg = Release|Any CPU
		{BE6E005B-3979-427E-9270-E38CBCD30192}.Release|Any CPU.Build.0 = Release|Any CPU
		{82FA0098-373B-48E6-8828-B35CBD8C7383}.Debug|Any CPU.ActiveCfg = Debug|Any CPU
		{82FA0098-373B-48E6-8828-B35CBD8C7383}.Debug|Any CPU.Build.0 = Debug|Any CPU
		{82FA0098-373B-48E6-8828-B35CBD8C7383}.Release|Any CPU.ActiveCfg = Release|Any CPU
		{82FA0098-373B-48E6-8828-B35CBD8C7383}.Release|Any CPU.Build.0 = Release|Any CPU
		{D8C28DE5-45C6-4097-8E62-3AB5DD0A2652}.Debug|Any CPU.ActiveCfg = Debug|Any CPU
		{D8C28DE5-45C6-4097-8E62-3AB5DD0A2652}.Debug|Any CPU.Build.0 = Debug|Any CPU
		{D8C28DE5-45C6-4097-8E62-3AB5DD0A2652}.Release|Any CPU.ActiveCfg = Release|Any CPU
		{D8C28DE5-45C6-4097-8E62-3AB5DD0A2652}.Release|Any CPU.Build.0 = Release|Any CPU
		{57E17824-EF8F-4674-A802-B444C7562EE8}.Debug|Any CPU.ActiveCfg = Debug|Any CPU
		{57E17824-EF8F-4674-A802-B444C7562EE8}.Debug|Any CPU.Build.0 = Debug|Any CPU
		{57E17824-EF8F-4674-A802-B444C7562EE8}.Release|Any CPU.ActiveCfg = Release|Any CPU
		{57E17824-EF8F-4674-A802-B444C7562EE8}.Release|Any CPU.Build.0 = Release|Any CPU
		{AC4CCAAF-6B79-4C32-8E1C-FCA6AFFA60C2}.Debug|Any CPU.ActiveCfg = Debug|Any CPU
		{AC4CCAAF-6B79-4C32-8E1C-FCA6AFFA60C2}.Debug|Any CPU.Build.0 = Debug|Any CPU
		{AC4CCAAF-6B79-4C32-8E1C-FCA6AFFA60C2}.Release|Any CPU.ActiveCfg = Release|Any CPU
		{AC4CCAAF-6B79-4C32-8E1C-FCA6AFFA60C2}.Release|Any CPU.Build.0 = Release|Any CPU
		{5C377D59-922D-4C6E-90C2-2B1F8937FA49}.Debug|Any CPU.ActiveCfg = Debug|Any CPU
		{5C377D59-922D-4C6E-90C2-2B1F8937FA49}.Debug|Any CPU.Build.0 = Debug|Any CPU
		{5C377D59-922D-4C6E-90C2-2B1F8937FA49}.Release|Any CPU.ActiveCfg = Release|Any CPU
		{5C377D59-922D-4C6E-90C2-2B1F8937FA49}.Release|Any CPU.Build.0 = Release|Any CPU
		{92197BA2-CD0B-48EF-87BE-8FE0160BFA78}.Debug|Any CPU.ActiveCfg = Debug|Any CPU
		{92197BA2-CD0B-48EF-87BE-8FE0160BFA78}.Debug|Any CPU.Build.0 = Debug|Any CPU
		{92197BA2-CD0B-48EF-87BE-8FE0160BFA78}.Release|Any CPU.ActiveCfg = Release|Any CPU
		{92197BA2-CD0B-48EF-87BE-8FE0160BFA78}.Release|Any CPU.Build.0 = Release|Any CPU
		{0304454A-7B81-4A63-A999-088048F4F9D1}.Debug|Any CPU.ActiveCfg = Debug|Any CPU
		{0304454A-7B81-4A63-A999-088048F4F9D1}.Debug|Any CPU.Build.0 = Debug|Any CPU
		{0304454A-7B81-4A63-A999-088048F4F9D1}.Release|Any CPU.ActiveCfg = Release|Any CPU
		{0304454A-7B81-4A63-A999-088048F4F9D1}.Release|Any CPU.Build.0 = Release|Any CPU
		{9439A2F6-0468-469B-BC01-F034C5C709EB}.Debug|Any CPU.ActiveCfg = Debug|Any CPU
		{9439A2F6-0468-469B-BC01-F034C5C709EB}.Debug|Any CPU.Build.0 = Debug|Any CPU
		{9439A2F6-0468-469B-BC01-F034C5C709EB}.Release|Any CPU.ActiveCfg = Release|Any CPU
		{9439A2F6-0468-469B-BC01-F034C5C709EB}.Release|Any CPU.Build.0 = Release|Any CPU
		{5CD9A3B2-A811-4B3B-9D3A-217C4C66E0A8}.Debug|Any CPU.ActiveCfg = Debug|Any CPU
		{5CD9A3B2-A811-4B3B-9D3A-217C4C66E0A8}.Debug|Any CPU.Build.0 = Debug|Any CPU
		{5CD9A3B2-A811-4B3B-9D3A-217C4C66E0A8}.Release|Any CPU.ActiveCfg = Release|Any CPU
		{5CD9A3B2-A811-4B3B-9D3A-217C4C66E0A8}.Release|Any CPU.Build.0 = Release|Any CPU
		{787C735E-2B4C-440F-A352-51F144F63AA1}.Debug|Any CPU.ActiveCfg = Debug|Any CPU
		{787C735E-2B4C-440F-A352-51F144F63AA1}.Debug|Any CPU.Build.0 = Debug|Any CPU
		{787C735E-2B4C-440F-A352-51F144F63AA1}.Release|Any CPU.ActiveCfg = Release|Any CPU
		{787C735E-2B4C-440F-A352-51F144F63AA1}.Release|Any CPU.Build.0 = Release|Any CPU
		{20341337-1718-4C38-B207-C7AC7294E73A}.Debug|Any CPU.ActiveCfg = Debug|Any CPU
		{20341337-1718-4C38-B207-C7AC7294E73A}.Debug|Any CPU.Build.0 = Debug|Any CPU
		{20341337-1718-4C38-B207-C7AC7294E73A}.Release|Any CPU.ActiveCfg = Release|Any CPU
		{20341337-1718-4C38-B207-C7AC7294E73A}.Release|Any CPU.Build.0 = Release|Any CPU
		{2F2BD26A-F46C-4AD8-A099-D430CF4FA7D0}.Debug|Any CPU.ActiveCfg = Debug|Any CPU
		{2F2BD26A-F46C-4AD8-A099-D430CF4FA7D0}.Debug|Any CPU.Build.0 = Debug|Any CPU
		{2F2BD26A-F46C-4AD8-A099-D430CF4FA7D0}.Release|Any CPU.ActiveCfg = Release|Any CPU
		{2F2BD26A-F46C-4AD8-A099-D430CF4FA7D0}.Release|Any CPU.Build.0 = Release|Any CPU
		{6E2E3C2F-0121-4275-95F6-361122647997}.Debug|Any CPU.ActiveCfg = Debug|Any CPU
		{6E2E3C2F-0121-4275-95F6-361122647997}.Debug|Any CPU.Build.0 = Debug|Any CPU
		{6E2E3C2F-0121-4275-95F6-361122647997}.Release|Any CPU.ActiveCfg = Release|Any CPU
		{6E2E3C2F-0121-4275-95F6-361122647997}.Release|Any CPU.Build.0 = Release|Any CPU
	EndGlobalSection
	GlobalSection(SolutionProperties) = preSolution
		HideSolutionNode = FALSE
	EndGlobalSection
	GlobalSection(NestedProjects) = preSolution
		{516E1A3C-767B-4EF5-ACAD-6DBAAFD538F9} = {24C98E49-297E-4EF6-80B7-5B2C67BBAC0C}
		{BC53821E-4E73-478F-9F9F-865AB5E15DAF} = {24C98E49-297E-4EF6-80B7-5B2C67BBAC0C}
		{2B0F3629-8194-4060-BF44-D4FC2D8B90E6} = {94679C56-B6E0-4D1B-A214-E5B6A89C0566}
		{79BF6EAD-6AC1-4DD7-B7F7-59CE103AEF6F} = {94679C56-B6E0-4D1B-A214-E5B6A89C0566}
		{5CFDDD64-4EC1-422B-A49D-A9848373DA14} = {94679C56-B6E0-4D1B-A214-E5B6A89C0566}
		{0AEADB64-9E63-43D3-A4DA-E947E63234F2} = {94679C56-B6E0-4D1B-A214-E5B6A89C0566}
		{28FC6131-B2C1-45DF-81C1-186C2243A97D} = {94679C56-B6E0-4D1B-A214-E5B6A89C0566}
		{ED55B5AF-E75E-4B4E-A6F6-2CBD3A8CBEC4} = {94679C56-B6E0-4D1B-A214-E5B6A89C0566}
		{4B1018FD-7182-4D88-8D6E-DA72D8C78045} = {94679C56-B6E0-4D1B-A214-E5B6A89C0566}
		{FC42BF15-D6CC-402A-BA7F-40569E013E84} = {94679C56-B6E0-4D1B-A214-E5B6A89C0566}
		{787C7F0F-704D-41B4-B46A-B1DFEDAA2221} = {94679C56-B6E0-4D1B-A214-E5B6A89C0566}
		{2238230C-309E-48B0-9499-EBBF7E30471C} = {94679C56-B6E0-4D1B-A214-E5B6A89C0566}
		{CCA525F8-DF81-4153-851D-AA2F6F20667B} = {94679C56-B6E0-4D1B-A214-E5B6A89C0566}
		{5F8E7FDD-AF9A-494C-AE07-27ED7787C051} = {94679C56-B6E0-4D1B-A214-E5B6A89C0566}
		{06D7BE22-5C07-4596-86EA-4CA19D27205E} = {94679C56-B6E0-4D1B-A214-E5B6A89C0566}
		{2A4886FA-5B74-476A-BA32-D4DE2239F2D4} = {94679C56-B6E0-4D1B-A214-E5B6A89C0566}
		{C42C1314-F3A8-44D7-996C-D3FEFB58759B} = {94679C56-B6E0-4D1B-A214-E5B6A89C0566}
		{383EB93F-E290-4173-93C3-A59D45868D52} = {94679C56-B6E0-4D1B-A214-E5B6A89C0566}
		{CCD768F5-C964-442B-89E7-CBBFCC26AC6D} = {94679C56-B6E0-4D1B-A214-E5B6A89C0566}
		{A915C4B5-D4B4-4E6C-A4B1-759FB34C09A8} = {878557D0-83EE-4B64-85A1-271156F402F4}
		{00508B67-1E5A-495E-A469-DECB975E74AE} = {878557D0-83EE-4B64-85A1-271156F402F4}
		{9F71E418-CE5E-419C-9D73-D2D5A3A0D63B} = {878557D0-83EE-4B64-85A1-271156F402F4}
		{66FA71DE-7EC3-4592-B9A9-7B7C5DF39BAE} = {878557D0-83EE-4B64-85A1-271156F402F4}
		{555DFFA0-B542-4B6F-A32A-56DBD023D3AB} = {878557D0-83EE-4B64-85A1-271156F402F4}
		{D042F8A6-C691-444F-A868-4FBC519FE128} = {878557D0-83EE-4B64-85A1-271156F402F4}
		{EEF93C4E-7121-4CAE-9920-2A3A17F2A14C} = {878557D0-83EE-4B64-85A1-271156F402F4}
		{1EEAEF90-8D70-44AE-818D-46BAB4FE3E9F} = {878557D0-83EE-4B64-85A1-271156F402F4}
		{E9BAED86-8ED3-4A6E-A7F9-08DB2A0D37D8} = {B3615389-DBC7-4D92-BC66-90D5D2257D26}
		{DCBC0E80-8729-49B1-A0AF-54516ABEF634} = {B3615389-DBC7-4D92-BC66-90D5D2257D26}
		{67A1BC28-82AD-4441-88A3-40761B2A7953} = {B3615389-DBC7-4D92-BC66-90D5D2257D26}
		{D1BEA96C-6171-4C69-8876-7AE2648EA027} = {B3615389-DBC7-4D92-BC66-90D5D2257D26}
		{96D309CC-C78B-4BCC-9900-713AEE323434} = {B3615389-DBC7-4D92-BC66-90D5D2257D26}
		{8E4EBC28-9603-437E-B368-5FF251C32143} = {B3615389-DBC7-4D92-BC66-90D5D2257D26}
		{02A54B00-2BAF-4AD7-8D02-C26F64F11D4B} = {B3615389-DBC7-4D92-BC66-90D5D2257D26}
		{8D19BD47-600D-4723-B774-E41F8390DC7A} = {B3615389-DBC7-4D92-BC66-90D5D2257D26}
		{BCA69ADB-E6D0-49B4-B587-70F35C70D4B0} = {B3615389-DBC7-4D92-BC66-90D5D2257D26}
		{00ED4BBB-2099-40E8-9DC3-BCB3EED72BEB} = {B3615389-DBC7-4D92-BC66-90D5D2257D26}
		{1B1C115B-39D1-4827-A296-D111D02A1C81} = {B3615389-DBC7-4D92-BC66-90D5D2257D26}
		{EA4E4E08-AF57-4E1B-9057-EAA0B3584100} = {B3615389-DBC7-4D92-BC66-90D5D2257D26}
		{5AFB395C-3D0B-4C46-967B-16B73943A694} = {B3615389-DBC7-4D92-BC66-90D5D2257D26}
		{D86DE363-8037-41EB-AAE9-1EE206D3E5CE} = {B3615389-DBC7-4D92-BC66-90D5D2257D26}
		{371822BD-A195-4A9F-B497-E249F67F0796} = {B3615389-DBC7-4D92-BC66-90D5D2257D26}
		{DF16C8F3-AE3D-4056-9949-2AC5794B7BCD} = {B3615389-DBC7-4D92-BC66-90D5D2257D26}
		{440D7590-2BD2-41D2-ABE7-2403FAEC3442} = {B3615389-DBC7-4D92-BC66-90D5D2257D26}
		{F28A4ECA-6B84-4D9F-8838-2ACECF77AA50} = {A5C6BBE2-69A8-414A-BB98-609B57D49D04}
		{3F9609E2-7CA6-4D69-9A69-BE7288F58B07} = {F408A4A7-14C6-4EE9-B8AD-5765309C1791}
		{BD19A16E-C164-46AE-A894-F44A048562F7} = {F408A4A7-14C6-4EE9-B8AD-5765309C1791}
		{B745F9D3-89AB-4E3F-8FF7-6231F3EA63E7} = {F408A4A7-14C6-4EE9-B8AD-5765309C1791}
		{6CC2723E-795E-4C36-9BAD-03B98B2BCADC} = {F408A4A7-14C6-4EE9-B8AD-5765309C1791}
		{B2F72933-D6F5-4A3B-919A-E5F9CBA651E7} = {F408A4A7-14C6-4EE9-B8AD-5765309C1791}
		{2D2C5570-B56F-4AA3-B188-9EA4938ABD9F} = {F408A4A7-14C6-4EE9-B8AD-5765309C1791}
		{5B2A1681-75D4-4B6C-B098-16972D0556EC} = {F408A4A7-14C6-4EE9-B8AD-5765309C1791}
		{80F5F9B1-A8EF-4767-A21D-1E7464D85662} = {F408A4A7-14C6-4EE9-B8AD-5765309C1791}
		{FBB19CA0-3111-43FC-A287-6AC106C5CA4B} = {F408A4A7-14C6-4EE9-B8AD-5765309C1791}
		{4096E3CD-1AD0-4C72-8970-F3419A91FACE} = {F408A4A7-14C6-4EE9-B8AD-5765309C1791}
		{2F4624EF-5A29-4726-A812-1A208E20C7FA} = {F408A4A7-14C6-4EE9-B8AD-5765309C1791}
		{65DC5E71-5639-4E34-9138-93998F8253DA} = {F408A4A7-14C6-4EE9-B8AD-5765309C1791}
		{557F6A59-D955-4220-929F-E5BB4B006E6F} = {F408A4A7-14C6-4EE9-B8AD-5765309C1791}
		{497E173A-1A3E-4674-AF75-D478D5ACA400} = {F408A4A7-14C6-4EE9-B8AD-5765309C1791}
		{123E40B5-7C8B-4B2C-B0DB-8E35838447B0} = {F408A4A7-14C6-4EE9-B8AD-5765309C1791}
		{F716F12F-73AF-4FA2-A188-B3EE74DEC4B1} = {D90160E1-4DF5-410A-8112-1D3EF5027D0B}
		{4122C4E1-2B9B-4A0A-BC5C-BF34DDB9F9A8} = {D90160E1-4DF5-410A-8112-1D3EF5027D0B}
		{348BF3BA-7F61-490A-8689-BE0715D1CE71} = {D90160E1-4DF5-410A-8112-1D3EF5027D0B}
		{0708D2FB-9ABE-4FC9-BAB3-2C7FEAF8E4B5} = {D90160E1-4DF5-410A-8112-1D3EF5027D0B}
		{AAF3E805-ACDC-45CE-A8FA-EB518AC37C4E} = {D90160E1-4DF5-410A-8112-1D3EF5027D0B}
		{E95AB2D6-854A-48FB-83C4-5939C8B2529D} = {D90160E1-4DF5-410A-8112-1D3EF5027D0B}
		{AE7198AF-72BD-455B-ACC5-67CEE1192A99} = {E78F3D06-A651-40CA-838F-52B3CCC59C52}
		{089AC7B6-76E1-48FC-927F-615EA6B59CF6} = {E78F3D06-A651-40CA-838F-52B3CCC59C52}
		{035F4C1E-8AC7-405A-89CC-E2E4FEEC2B44} = {E78F3D06-A651-40CA-838F-52B3CCC59C52}
		{C33BBE61-C2FE-4E24-A9DF-3BE76C2875BA} = {31BD01AB-A82D-4E1A-A623-79E7A636E4AD}
		{82A7C600-EA37-4772-9634-5BABD3A91283} = {31BD01AB-A82D-4E1A-A623-79E7A636E4AD}
		{51E68676-553C-4F36-BC5A-AC5924E5FCB9} = {31BD01AB-A82D-4E1A-A623-79E7A636E4AD}
		{0E77E88C-669D-45D7-873F-0972EAA3D3F1} = {31BD01AB-A82D-4E1A-A623-79E7A636E4AD}
		{9A8B9280-18A1-45D1-817F-26F474480ED6} = {31BD01AB-A82D-4E1A-A623-79E7A636E4AD}
		{2B4BE20C-7968-4B92-9C42-159675614B06} = {31BD01AB-A82D-4E1A-A623-79E7A636E4AD}
		{A2A45F82-C356-45E9-BC36-A39BE9140B69} = {31BD01AB-A82D-4E1A-A623-79E7A636E4AD}
		{F4C01D0A-77E8-40D1-9322-7C1BEE938FD7} = {31BD01AB-A82D-4E1A-A623-79E7A636E4AD}
		{306A2DA9-00A4-4448-919E-33135EEEFD35} = {31BD01AB-A82D-4E1A-A623-79E7A636E4AD}
		{4D40319A-42AF-4AC3-AAD2-0B700F3E2F76} = {31BD01AB-A82D-4E1A-A623-79E7A636E4AD}
		{BE5E1F00-5022-47E9-94D5-BBD99445051D} = {31BD01AB-A82D-4E1A-A623-79E7A636E4AD}
		{43DF5259-A4EF-4621-8373-5F6F85AF09B3} = {31BD01AB-A82D-4E1A-A623-79E7A636E4AD}
		{246649F5-B8A3-48A2-A8B3-0072D84A23E1} = {31BD01AB-A82D-4E1A-A623-79E7A636E4AD}
		{34A6CB76-3393-4D9B-8EAB-80591D4EE394} = {31BD01AB-A82D-4E1A-A623-79E7A636E4AD}
		{1C9DF04F-9081-4E43-BEA6-BED8626B7554} = {E51E47DD-EA66-4375-9DAD-729B438F4FAC}
		{48C7D247-463F-4E35-9381-87459A9062A5} = {E51E47DD-EA66-4375-9DAD-729B438F4FAC}
		{FC9401EE-73EC-4232-A2C1-11B6780434C1} = {E51E47DD-EA66-4375-9DAD-729B438F4FAC}
		{73F24813-97B0-4C43-A66C-77F0E23CC24D} = {E51E47DD-EA66-4375-9DAD-729B438F4FAC}
		{4BE16122-C2F0-47CF-B2F9-1CC20F076740} = {E51E47DD-EA66-4375-9DAD-729B438F4FAC}
		{B4C3E54E-32E1-4EB3-9BE5-08F6B1261F37} = {E51E47DD-EA66-4375-9DAD-729B438F4FAC}
		{D97CB838-394B-4B6B-A680-421060A3DF61} = {E51E47DD-EA66-4375-9DAD-729B438F4FAC}
		{EB47EF9B-1F08-4327-9616-FD6620BAC2CA} = {E51E47DD-EA66-4375-9DAD-729B438F4FAC}
		{A40727B5-E391-4EA4-8BA3-21B4826B9265} = {D90160E1-4DF5-410A-8112-1D3EF5027D0B}
		{D4A6D436-484C-4FA0-85AD-AF265AD9F2C1} = {E51E47DD-EA66-4375-9DAD-729B438F4FAC}
		{7C67A0B8-32FE-476A-AFA5-D5735960A1CE} = {E51E47DD-EA66-4375-9DAD-729B438F4FAC}
		{6971E635-D790-41CD-9B0F-F6EAFF171F0B} = {6F6626F7-D320-4CBF-97F1-6FA9A6B5DB8D}
		{C17B5C8C-E856-4FC1-B4BC-076579C968CA} = {6F6626F7-D320-4CBF-97F1-6FA9A6B5DB8D}
		{FD0E61E7-7102-42A8-AB1E-D57D3FF4A073} = {6F6626F7-D320-4CBF-97F1-6FA9A6B5DB8D}
		{ECAD71E5-701D-4AD2-8D58-99CF93102C8A} = {6F6626F7-D320-4CBF-97F1-6FA9A6B5DB8D}
		{FF9CE17C-B11C-4A73-B484-44031E00F39E} = {6F6626F7-D320-4CBF-97F1-6FA9A6B5DB8D}
		{A8BDD3D3-B98D-42D0-82C7-4801A7EAFEDA} = {6F6626F7-D320-4CBF-97F1-6FA9A6B5DB8D}
		{99120192-61A5-4031-9730-202EDBD11FD0} = {6F6626F7-D320-4CBF-97F1-6FA9A6B5DB8D}
		{0F1588F9-6353-47F4-87E0-B43E064CE8C9} = {6F6626F7-D320-4CBF-97F1-6FA9A6B5DB8D}
		{2CC14B29-6980-4AB5-8253-935A11CB6BFD} = {6F6626F7-D320-4CBF-97F1-6FA9A6B5DB8D}
		{E59C7354-86B5-4F96-A243-D46255213361} = {6F6626F7-D320-4CBF-97F1-6FA9A6B5DB8D}
		{87BD348F-4B81-42A4-A690-32BFE531DBF0} = {87FC61F7-159C-45E2-9BD4-E9C7A3AFD06E}
		{C03D4366-426D-47C8-8A28-FA2224D53997} = {87FC61F7-159C-45E2-9BD4-E9C7A3AFD06E}
		{4599BBC4-D4DF-4B34-A0AC-74927679AC58} = {87FC61F7-159C-45E2-9BD4-E9C7A3AFD06E}
		{F6264ECF-B918-48D5-9F62-EDBFEB3A7852} = {87FC61F7-159C-45E2-9BD4-E9C7A3AFD06E}
		{212D31D6-FCDC-4696-91F0-C8CB82F8DB75} = {87FC61F7-159C-45E2-9BD4-E9C7A3AFD06E}
		{CB7AD8F3-5DA8-4F83-90E5-C8D0940FF646} = {87FC61F7-159C-45E2-9BD4-E9C7A3AFD06E}
		{FEEFED88-6E36-4A66-A0E0-C95220A0C0E2} = {87FC61F7-159C-45E2-9BD4-E9C7A3AFD06E}
		{BD55CB55-77AA-4208-98CD-898EB9B047DE} = {87FC61F7-159C-45E2-9BD4-E9C7A3AFD06E}
		{FD0C11B0-5F33-4FDB-ACDC-323E1D61698F} = {6F6626F7-D320-4CBF-97F1-6FA9A6B5DB8D}
		{327B90B2-3058-4272-A17C-103834E8D347} = {6F6626F7-D320-4CBF-97F1-6FA9A6B5DB8D}
		{1A97ACBB-F3DF-4AF5-AFCA-8E4AFD84AB4E} = {B7AF2040-8D67-40DF-BFB6-6E31DD0B8C6A}
		{9B16D291-3D8E-4F2C-9BDE-54C83970201F} = {B7AF2040-8D67-40DF-BFB6-6E31DD0B8C6A}
		{985570E8-A3B4-4BBA-AE14-7CFB1F823793} = {B7AF2040-8D67-40DF-BFB6-6E31DD0B8C6A}
		{05C8CD7A-7D57-4B10-9B2F-300F1F6EF2B2} = {B7AF2040-8D67-40DF-BFB6-6E31DD0B8C6A}
		{C36F133B-902B-4C77-8DF0-1B452966DAAC} = {B7AF2040-8D67-40DF-BFB6-6E31DD0B8C6A}
		{810EFD9D-AEAB-4D28-8AA7-2A95F2D895F6} = {B7AF2040-8D67-40DF-BFB6-6E31DD0B8C6A}
		{FE38A125-C9A1-401E-911A-459C28C0F0F3} = {B7AF2040-8D67-40DF-BFB6-6E31DD0B8C6A}
		{0C28FE96-7E73-4971-A6DC-3C0134FEDD06} = {B7AF2040-8D67-40DF-BFB6-6E31DD0B8C6A}
		{069AE610-A9A1-4821-8250-F015F4C10189} = {34CE7041-030E-4920-A3C1-0CA2D5B3DD52}
		{BD69C890-09B5-4876-9348-1735F0E0A49C} = {34CE7041-030E-4920-A3C1-0CA2D5B3DD52}
		{D3FD8D5C-9723-42EB-932C-16C98AE54237} = {6F6626F7-D320-4CBF-97F1-6FA9A6B5DB8D}
		{DB78F623-8855-4858-A8B3-8C9EF0B88AFE} = {6F6626F7-D320-4CBF-97F1-6FA9A6B5DB8D}
		{1D50685B-E3DB-4470-AC97-02F27227A797} = {6F6626F7-D320-4CBF-97F1-6FA9A6B5DB8D}
		{11D60012-DA88-42E3-A944-E9BDF9CD40AA} = {34CE7041-030E-4920-A3C1-0CA2D5B3DD52}
		{D7C9EBE0-ACDC-4BC3-A739-EF2E65845DD8} = {34CE7041-030E-4920-A3C1-0CA2D5B3DD52}
		{BE6E005B-3979-427E-9270-E38CBCD30192} = {34CE7041-030E-4920-A3C1-0CA2D5B3DD52}
		{82FA0098-373B-48E6-8828-B35CBD8C7383} = {34CE7041-030E-4920-A3C1-0CA2D5B3DD52}
		{D8C28DE5-45C6-4097-8E62-3AB5DD0A2652} = {A8CE5BF6-812B-463C-ACB6-977D00E93D69}
		{57E17824-EF8F-4674-A802-B444C7562EE8} = {A8CE5BF6-812B-463C-ACB6-977D00E93D69}
		{AC4CCAAF-6B79-4C32-8E1C-FCA6AFFA60C2} = {A8CE5BF6-812B-463C-ACB6-977D00E93D69}
		{5C377D59-922D-4C6E-90C2-2B1F8937FA49} = {A8CE5BF6-812B-463C-ACB6-977D00E93D69}
		{92197BA2-CD0B-48EF-87BE-8FE0160BFA78} = {A8CE5BF6-812B-463C-ACB6-977D00E93D69}
		{0304454A-7B81-4A63-A999-088048F4F9D1} = {A8CE5BF6-812B-463C-ACB6-977D00E93D69}
		{9439A2F6-0468-469B-BC01-F034C5C709EB} = {A8CE5BF6-812B-463C-ACB6-977D00E93D69}
		{5CD9A3B2-A811-4B3B-9D3A-217C4C66E0A8} = {B2F24ADE-6AC6-4127-99D9-33C801D2C62E}
		{787C735E-2B4C-440F-A352-51F144F63AA1} = {B2F24ADE-6AC6-4127-99D9-33C801D2C62E}
		{20341337-1718-4C38-B207-C7AC7294E73A} = {B2F24ADE-6AC6-4127-99D9-33C801D2C62E}
		{2F2BD26A-F46C-4AD8-A099-D430CF4FA7D0} = {24C18FC1-141A-4C7A-B3A1-42B4A8111F3E}
		{6E2E3C2F-0121-4275-95F6-361122647997} = {24C18FC1-141A-4C7A-B3A1-42B4A8111F3E}
	EndGlobalSection
	GlobalSection(ExtensibilityGlobals) = postSolution
		SolutionGuid = {25C5B071-B9F6-4336-857A-E4AE8FA7E4A8}
	EndGlobalSection
EndGlobal
